
Microsoft Visual Studio Solution File, Format Version 10.00
# Visual Studio 2008
Project("{8BC9CEB8-8B4A-11D0-8D11-00A0C91BC942}") = "Tm_xml6", "Tmxml\Tm_xml6.vcproj", "{164882ED-E82E-41F7-A8C4-E3CE6869C091}"
EndProject
Project("{8BC9CEB8-8B4A-11D0-8D11-00A0C91BC942}") = "Tm_view6", "Tmview\Tm_view6.vcproj", "{4FF21125-81A6-44AD-8F11-FD7B3B3F9DD9}"
EndProject
Project("{8BC9CEB8-8B4A-11D0-8D11-00A0C91BC942}") = "Tmviewvc", "Tmview\Tmviewvc\Tmviewvc.vcproj", "{3F7BB3DB-36B7-44EB-95F1-E5020AC72AA4}"
	ProjectSection(ProjectDependencies) = postProject
		{4FF21125-81A6-44AD-8F11-FD7B3B3F9DD9} = {4FF21125-81A6-44AD-8F11-FD7B3B3F9DD9}
	EndProjectSection
EndProject
Project("{8BC9CEB8-8B4A-11D0-8D11-00A0C91BC942}") = "Tm_tool6", "Tmtool\Tm_tool6.vcproj", "{F4B2619A-09E0-4350-B4C9-C2A99888EE49}"
EndProject
Project("{8BC9CEB8-8B4A-11D0-8D11-00A0C91BC942}") = "Tmtoolvc", "Tmtool\Tmtoolvc\Tmtoolvc.vcproj", "{FFECD489-FDA2-486F-BCC2-205C8BDADD8C}"
	ProjectSection(ProjectDependencies) = postProject
		{F4B2619A-09E0-4350-B4C9-C2A99888EE49} = {F4B2619A-09E0-4350-B4C9-C2A99888EE49}
	EndProjectSection
EndProject
Project("{8BC9CEB8-8B4A-11D0-8D11-00A0C91BC942}") = "Tm_text6", "Tmtext\Tm_text6.vcproj", "{5B4E588E-3EFD-4717-A988-F7F46432E063}"
EndProject
Project("{8BC9CEB8-8B4A-11D0-8D11-00A0C91BC942}") = "Tmtextvc", "Tmtext\Tmtextvc\Tmtextvc.vcproj", "{DDB802D6-B775-4715-B13D-5C0F9E1DA865}"
	ProjectSection(ProjectDependencies) = postProject
		{5B4E588E-3EFD-4717-A988-F7F46432E063} = {5B4E588E-3EFD-4717-A988-F7F46432E063}
	EndProjectSection
EndProject
Project("{8BC9CEB8-8B4A-11D0-8D11-00A0C91BC942}") = "Tm_stat6", "Tmstat\Tm_stat6.vcproj", "{8A30E140-0F4C-482E-9E59-2C5B611AC65F}"
EndProject
Project("{8BC9CEB8-8B4A-11D0-8D11-00A0C91BC942}") = "Tmstatvc", "Tmstat\Tmstatvc\Tmstatvc.vcproj", "{22E2FB6A-FC65-4539-9810-ED8C53C47547}"
	ProjectSection(ProjectDependencies) = postProject
		{8A30E140-0F4C-482E-9E59-2C5B611AC65F} = {8A30E140-0F4C-482E-9E59-2C5B611AC65F}
	EndProjectSection
EndProject
Project("{8BC9CEB8-8B4A-11D0-8D11-00A0C91BC942}") = "Tm_share6", "Tmshare\Tm_share6.vcproj", "{57E9EDB7-2395-4A91-95D0-1634EBEDC59A}"
EndProject
Project("{8BC9CEB8-8B4A-11D0-8D11-00A0C91BC942}") = "Tm_setup6", "Tmsetup\Tm_setup6.vcproj", "{31075468-86AF-4F9F-9242-74853C4EA817}"
EndProject
Project("{8BC9CEB8-8B4A-11D0-8D11-00A0C91BC942}") = "Tmsetvc", "Tmsetup\Tmsetvc\Tmsetvc.vcproj", "{227A02CA-5FA3-4697-883D-66AEB5B40E0D}"
	ProjectSection(ProjectDependencies) = postProject
		{31075468-86AF-4F9F-9242-74853C4EA817} = {31075468-86AF-4F9F-9242-74853C4EA817}
	EndProjectSection
EndProject
Project("{8BC9CEB8-8B4A-11D0-8D11-00A0C91BC942}") = "Tm_print6", "Tmprint\Tm_print6.vcproj", "{3C7D399C-1924-4EBB-ABC8-1676B6526B94}"
	ProjectSection(ProjectDependencies) = postProject
		{4FF21125-81A6-44AD-8F11-FD7B3B3F9DD9} = {4FF21125-81A6-44AD-8F11-FD7B3B3F9DD9}
		{CC64AFCD-C748-4D1A-89D9-4A21F0183F4F} = {CC64AFCD-C748-4D1A-89D9-4A21F0183F4F}
	EndProjectSection
EndProject
Project("{8BC9CEB8-8B4A-11D0-8D11-00A0C91BC942}") = "Tprintvc", "Tmprint\Tprintvc\Tprintvc.vcproj", "{0344807D-ED21-4E83-9C5A-4164857E1BB5}"
	ProjectSection(ProjectDependencies) = postProject
		{3C7D399C-1924-4EBB-ABC8-1676B6526B94} = {3C7D399C-1924-4EBB-ABC8-1676B6526B94}
	EndProjectSection
EndProject
Project("{8BC9CEB8-8B4A-11D0-8D11-00A0C91BC942}") = "Tm_power6", "Tmpower\Tm_power6.vcproj", "{CC64AFCD-C748-4D1A-89D9-4A21F0183F4F}"
EndProject
Project("{8BC9CEB8-8B4A-11D0-8D11-00A0C91BC942}") = "Tpowervc", "Tmpower\Tpowervc\Tpowervc.vcproj", "{6F3934F9-1BB0-4C89-8901-72B11C817DD2}"
	ProjectSection(ProjectDependencies) = postProject
		{CC64AFCD-C748-4D1A-89D9-4A21F0183F4F} = {CC64AFCD-C748-4D1A-89D9-4A21F0183F4F}
	EndProjectSection
EndProject
Project("{8BC9CEB8-8B4A-11D0-8D11-00A0C91BC942}") = "Tm_movie6", "Tmmovie\Tm_movie6.vcproj", "{44C84A5C-83CE-47F5-A918-D13C130CD295}"
	ProjectSection(ProjectDependencies) = postProject
		{4FF21125-81A6-44AD-8F11-FD7B3B3F9DD9} = {4FF21125-81A6-44AD-8F11-FD7B3B3F9DD9}
	EndProjectSection
EndProject
Project("{8BC9CEB8-8B4A-11D0-8D11-00A0C91BC942}") = "Tmovievc", "Tmmovie\Tmovievc\Tmovievc.vcproj", "{C37E86C7-41CB-462E-9EE7-B4049E21484C}"
	ProjectSection(ProjectDependencies) = postProject
		{44C84A5C-83CE-47F5-A918-D13C130CD295} = {44C84A5C-83CE-47F5-A918-D13C130CD295}
	EndProjectSection
EndProject
Project("{8BC9CEB8-8B4A-11D0-8D11-00A0C91BC942}") = "Tm_lpen6", "Tmlpen\Tm_lpen6.vcproj", "{3C8F42DF-2B77-4C1D-A4E6-61C1B5DB30A1}"
EndProject
Project("{8BC9CEB8-8B4A-11D0-8D11-00A0C91BC942}") = "Tmlpenvc", "Tmlpen\Tmlpenvc\Tmlpenvc.vcproj", "{59168834-1250-4316-8451-DF1644F31584}"
	ProjectSection(ProjectDependencies) = postProject
		{3C8F42DF-2B77-4C1D-A4E6-61C1B5DB30A1} = {3C8F42DF-2B77-4C1D-A4E6-61C1B5DB30A1}
	EndProjectSection
EndProject
Project("{8BC9CEB8-8B4A-11D0-8D11-00A0C91BC942}") = "Tm_grab6", "Tmgrab\Tm_grab6.vcproj", "{39736C11-1277-4C2B-A901-5CB242839487}"
EndProject
Project("{8BC9CEB8-8B4A-11D0-8D11-00A0C91BC942}") = "Tmgrabvc", "Tmgrab\Tmgrabvc\Tmgrabvc.vcproj", "{7FD5C75F-BC8B-4B16-836D-A68FD2336431}"
	ProjectSection(ProjectDependencies) = postProject
		{39736C11-1277-4C2B-A901-5CB242839487} = {39736C11-1277-4C2B-A901-5CB242839487}
	EndProjectSection
EndProject
Project("{8BC9CEB8-8B4A-11D0-8D11-00A0C91BC942}") = "Tm_browse6", "Tmbrowse\Tm_browse6.vcproj", "{C690F2CF-2041-4D57-87F9-459664E5523E}"
EndProject
Project("{8BC9CEB8-8B4A-11D0-8D11-00A0C91BC942}") = "Tmbrowsevc", "Tmbrowse\Tmbrowsevc\Tmbrowsevc.vcproj", "{F2ADA7FD-41A9-4953-A9A1-4770E83D6053}"
	ProjectSection(ProjectDependencies) = postProject
		{C690F2CF-2041-4D57-87F9-459664E5523E} = {C690F2CF-2041-4D57-87F9-459664E5523E}
	EndProjectSection
EndProject
Project("{8BC9CEB8-8B4A-11D0-8D11-00A0C91BC942}") = "Tm_bars6", "Tmbars\Tm_bars6.vcproj", "{4422AAF3-3CCD-4A1D-BE03-D91ED9A87F30}"
EndProject
Project("{8BC9CEB8-8B4A-11D0-8D11-00A0C91BC942}") = "Tmbarsvc", "Tmbars\Tmbarsvc\Tmbarsvc.vcproj", "{A6791D7F-5C10-4F0D-AAA5-A9DABFA78397}"
	ProjectSection(ProjectDependencies) = postProject
		{4422AAF3-3CCD-4A1D-BE03-D91ED9A87F30} = {4422AAF3-3CCD-4A1D-BE03-D91ED9A87F30}
	EndProjectSection
EndProject
Project("{8BC9CEB8-8B4A-11D0-8D11-00A0C91BC942}") = "TmaxPathLength", "TmaxPathLength\TmaxPathLength.vcproj", "{44DE415C-32C9-45A6-929A-E4BF315C387B}"
EndProject
Project("{8BC9CEB8-8B4A-11D0-8D11-00A0C91BC942}") = "TmaxLauncher", "TmaxLauncher\TmaxLauncher.vcproj", "{29D1A75E-DFE4-4A2D-995B-72A6D1B00903}"
EndProject
Project("{8BC9CEB8-8B4A-11D0-8D11-00A0C91BC942}") = "TmaxPresentation", "App\TmaxPresentation.vcproj", "{F56F1D64-B18F-4474-AB7A-7F2A1DD793A2}"
	ProjectSection(ProjectDependencies) = postProject
		{39736C11-1277-4C2B-A901-5CB242839487} = {39736C11-1277-4C2B-A901-5CB242839487}
		{4FF21125-81A6-44AD-8F11-FD7B3B3F9DD9} = {4FF21125-81A6-44AD-8F11-FD7B3B3F9DD9}
		{8A30E140-0F4C-482E-9E59-2C5B611AC65F} = {8A30E140-0F4C-482E-9E59-2C5B611AC65F}
		{44C84A5C-83CE-47F5-A918-D13C130CD295} = {44C84A5C-83CE-47F5-A918-D13C130CD295}
		{31075468-86AF-4F9F-9242-74853C4EA817} = {31075468-86AF-4F9F-9242-74853C4EA817}
		{5B4E588E-3EFD-4717-A988-F7F46432E063} = {5B4E588E-3EFD-4717-A988-F7F46432E063}
		{F4B2619A-09E0-4350-B4C9-C2A99888EE49} = {F4B2619A-09E0-4350-B4C9-C2A99888EE49}
		{3C7D399C-1924-4EBB-ABC8-1676B6526B94} = {3C7D399C-1924-4EBB-ABC8-1676B6526B94}
		{57E9EDB7-2395-4A91-95D0-1634EBEDC59A} = {57E9EDB7-2395-4A91-95D0-1634EBEDC59A}
		{CC64AFCD-C748-4D1A-89D9-4A21F0183F4F} = {CC64AFCD-C748-4D1A-89D9-4A21F0183F4F}
		{3C8F42DF-2B77-4C1D-A4E6-61C1B5DB30A1} = {3C8F42DF-2B77-4C1D-A4E6-61C1B5DB30A1}
		{4422AAF3-3CCD-4A1D-BE03-D91ED9A87F30} = {4422AAF3-3CCD-4A1D-BE03-D91ED9A87F30}
	EndProjectSection
EndProject
Project("{8BC9CEB8-8B4A-11D0-8D11-00A0C91BC942}") = "Tminstal", "Install\Tminstal\Tminstal.vcproj", "{7A267E96-8C69-44FD-99A6-BB7ECB538BFC}"
EndProject
Project("{8BC9CEB8-8B4A-11D0-8D11-00A0C91BC942}") = "Tmregsvr", "Install\Tmregsvr\Tmregsvr.vcproj", "{CA8DDD7A-7ED1-42A6-923E-32E1B8949BC5}"
EndProject
Global
	GlobalSection(SolutionConfigurationPlatforms) = preSolution
		Debug|Win32 = Debug|Win32
		Release|Win32 = Release|Win32
	EndGlobalSection
	GlobalSection(ProjectConfigurationPlatforms) = postSolution
		{164882ED-E82E-41F7-A8C4-E3CE6869C091}.Debug|Win32.ActiveCfg = Debug|Win32
		{164882ED-E82E-41F7-A8C4-E3CE6869C091}.Debug|Win32.Build.0 = Debug|Win32
		{164882ED-E82E-41F7-A8C4-E3CE6869C091}.Release|Win32.ActiveCfg = Release|Win32
		{164882ED-E82E-41F7-A8C4-E3CE6869C091}.Release|Win32.Build.0 = Release|Win32
		{4FF21125-81A6-44AD-8F11-FD7B3B3F9DD9}.Debug|Win32.ActiveCfg = Debug|Win32
		{4FF21125-81A6-44AD-8F11-FD7B3B3F9DD9}.Debug|Win32.Build.0 = Debug|Win32
		{4FF21125-81A6-44AD-8F11-FD7B3B3F9DD9}.Release|Win32.ActiveCfg = Release|Win32
		{4FF21125-81A6-44AD-8F11-FD7B3B3F9DD9}.Release|Win32.Build.0 = Release|Win32
		{3F7BB3DB-36B7-44EB-95F1-E5020AC72AA4}.Debug|Win32.ActiveCfg = Debug|Win32
		{3F7BB3DB-36B7-44EB-95F1-E5020AC72AA4}.Debug|Win32.Build.0 = Debug|Win32
		{3F7BB3DB-36B7-44EB-95F1-E5020AC72AA4}.Release|Win32.ActiveCfg = Release|Win32
		{3F7BB3DB-36B7-44EB-95F1-E5020AC72AA4}.Release|Win32.Build.0 = Release|Win32
		{F4B2619A-09E0-4350-B4C9-C2A99888EE49}.Debug|Win32.ActiveCfg = Debug|Win32
		{F4B2619A-09E0-4350-B4C9-C2A99888EE49}.Debug|Win32.Build.0 = Debug|Win32
		{F4B2619A-09E0-4350-B4C9-C2A99888EE49}.Release|Win32.ActiveCfg = Release|Win32
		{F4B2619A-09E0-4350-B4C9-C2A99888EE49}.Release|Win32.Build.0 = Release|Win32
		{FFECD489-FDA2-486F-BCC2-205C8BDADD8C}.Debug|Win32.ActiveCfg = Debug|Win32
		{FFECD489-FDA2-486F-BCC2-205C8BDADD8C}.Debug|Win32.Build.0 = Debug|Win32
		{FFECD489-FDA2-486F-BCC2-205C8BDADD8C}.Release|Win32.ActiveCfg = Release|Win32
		{FFECD489-FDA2-486F-BCC2-205C8BDADD8C}.Release|Win32.Build.0 = Release|Win32
		{5B4E588E-3EFD-4717-A988-F7F46432E063}.Debug|Win32.ActiveCfg = Debug|Win32
		{5B4E588E-3EFD-4717-A988-F7F46432E063}.Debug|Win32.Build.0 = Debug|Win32
		{5B4E588E-3EFD-4717-A988-F7F46432E063}.Release|Win32.ActiveCfg = Release|Win32
		{5B4E588E-3EFD-4717-A988-F7F46432E063}.Release|Win32.Build.0 = Release|Win32
		{DDB802D6-B775-4715-B13D-5C0F9E1DA865}.Debug|Win32.ActiveCfg = Debug|Win32
		{DDB802D6-B775-4715-B13D-5C0F9E1DA865}.Debug|Win32.Build.0 = Debug|Win32
		{DDB802D6-B775-4715-B13D-5C0F9E1DA865}.Release|Win32.ActiveCfg = Release|Win32
		{DDB802D6-B775-4715-B13D-5C0F9E1DA865}.Release|Win32.Build.0 = Release|Win32
		{8A30E140-0F4C-482E-9E59-2C5B611AC65F}.Debug|Win32.ActiveCfg = Debug|Win32
		{8A30E140-0F4C-482E-9E59-2C5B611AC65F}.Debug|Win32.Build.0 = Debug|Win32
		{8A30E140-0F4C-482E-9E59-2C5B611AC65F}.Release|Win32.ActiveCfg = Release|Win32
		{8A30E140-0F4C-482E-9E59-2C5B611AC65F}.Release|Win32.Build.0 = Release|Win32
		{22E2FB6A-FC65-4539-9810-ED8C53C47547}.Debug|Win32.ActiveCfg = Debug|Win32
		{22E2FB6A-FC65-4539-9810-ED8C53C47547}.Debug|Win32.Build.0 = Debug|Win32
		{22E2FB6A-FC65-4539-9810-ED8C53C47547}.Release|Win32.ActiveCfg = Release|Win32
		{22E2FB6A-FC65-4539-9810-ED8C53C47547}.Release|Win32.Build.0 = Release|Win32
		{57E9EDB7-2395-4A91-95D0-1634EBEDC59A}.Debug|Win32.ActiveCfg = Debug|Win32
		{57E9EDB7-2395-4A91-95D0-1634EBEDC59A}.Debug|Win32.Build.0 = Debug|Win32
		{57E9EDB7-2395-4A91-95D0-1634EBEDC59A}.Release|Win32.ActiveCfg = Release|Win32
		{57E9EDB7-2395-4A91-95D0-1634EBEDC59A}.Release|Win32.Build.0 = Release|Win32
		{31075468-86AF-4F9F-9242-74853C4EA817}.Debug|Win32.ActiveCfg = Debug|Win32
		{31075468-86AF-4F9F-9242-74853C4EA817}.Debug|Win32.Build.0 = Debug|Win32
		{31075468-86AF-4F9F-9242-74853C4EA817}.Release|Win32.ActiveCfg = Release|Win32
		{31075468-86AF-4F9F-9242-74853C4EA817}.Release|Win32.Build.0 = Release|Win32
		{227A02CA-5FA3-4697-883D-66AEB5B40E0D}.Debug|Win32.ActiveCfg = Debug|Win32
		{227A02CA-5FA3-4697-883D-66AEB5B40E0D}.Debug|Win32.Build.0 = Debug|Win32
		{227A02CA-5FA3-4697-883D-66AEB5B40E0D}.Release|Win32.ActiveCfg = Release|Win32
		{227A02CA-5FA3-4697-883D-66AEB5B40E0D}.Release|Win32.Build.0 = Release|Win32
		{3C7D399C-1924-4EBB-ABC8-1676B6526B94}.Debug|Win32.ActiveCfg = Debug|Win32
		{3C7D399C-1924-4EBB-ABC8-1676B6526B94}.Debug|Win32.Build.0 = Debug|Win32
		{3C7D399C-1924-4EBB-ABC8-1676B6526B94}.Release|Win32.ActiveCfg = Release|Win32
		{3C7D399C-1924-4EBB-ABC8-1676B6526B94}.Release|Win32.Build.0 = Release|Win32
		{0344807D-ED21-4E83-9C5A-4164857E1BB5}.Debug|Win32.ActiveCfg = Debug|Win32
		{0344807D-ED21-4E83-9C5A-4164857E1BB5}.Debug|Win32.Build.0 = Debug|Win32
		{0344807D-ED21-4E83-9C5A-4164857E1BB5}.Release|Win32.ActiveCfg = Release|Win32
		{0344807D-ED21-4E83-9C5A-4164857E1BB5}.Release|Win32.Build.0 = Release|Win32
		{CC64AFCD-C748-4D1A-89D9-4A21F0183F4F}.Debug|Win32.ActiveCfg = Debug|Win32
		{CC64AFCD-C748-4D1A-89D9-4A21F0183F4F}.Debug|Win32.Build.0 = Debug|Win32
		{CC64AFCD-C748-4D1A-89D9-4A21F0183F4F}.Release|Win32.ActiveCfg = Release|Win32
		{CC64AFCD-C748-4D1A-89D9-4A21F0183F4F}.Release|Win32.Build.0 = Release|Win32
		{6F3934F9-1BB0-4C89-8901-72B11C817DD2}.Debug|Win32.ActiveCfg = Debug|Win32
		{6F3934F9-1BB0-4C89-8901-72B11C817DD2}.Debug|Win32.Build.0 = Debug|Win32
		{6F3934F9-1BB0-4C89-8901-72B11C817DD2}.Release|Win32.ActiveCfg = Release|Win32
		{6F3934F9-1BB0-4C89-8901-72B11C817DD2}.Release|Win32.Build.0 = Release|Win32
		{44C84A5C-83CE-47F5-A918-D13C130CD295}.Debug|Win32.ActiveCfg = Debug|Win32
		{44C84A5C-83CE-47F5-A918-D13C130CD295}.Debug|Win32.Build.0 = Debug|Win32
		{44C84A5C-83CE-47F5-A918-D13C130CD295}.Release|Win32.ActiveCfg = Release|Win32
		{44C84A5C-83CE-47F5-A918-D13C130CD295}.Release|Win32.Build.0 = Release|Win32
		{C37E86C7-41CB-462E-9EE7-B4049E21484C}.Debug|Win32.ActiveCfg = Debug|Win32
		{C37E86C7-41CB-462E-9EE7-B4049E21484C}.Debug|Win32.Build.0 = Debug|Win32
		{C37E86C7-41CB-462E-9EE7-B4049E21484C}.Release|Win32.ActiveCfg = Release|Win32
		{C37E86C7-41CB-462E-9EE7-B4049E21484C}.Release|Win32.Build.0 = Release|Win32
		{3C8F42DF-2B77-4C1D-A4E6-61C1B5DB30A1}.Debug|Win32.ActiveCfg = Debug|Win32
		{3C8F42DF-2B77-4C1D-A4E6-61C1B5DB30A1}.Debug|Win32.Build.0 = Debug|Win32
		{3C8F42DF-2B77-4C1D-A4E6-61C1B5DB30A1}.Release|Win32.ActiveCfg = Release|Win32
		{3C8F42DF-2B77-4C1D-A4E6-61C1B5DB30A1}.Release|Win32.Build.0 = Release|Win32
		{59168834-1250-4316-8451-DF1644F31584}.Debug|Win32.ActiveCfg = Debug|Win32
		{59168834-1250-4316-8451-DF1644F31584}.Debug|Win32.Build.0 = Debug|Win32
		{59168834-1250-4316-8451-DF1644F31584}.Release|Win32.ActiveCfg = Release|Win32
		{59168834-1250-4316-8451-DF1644F31584}.Release|Win32.Build.0 = Release|Win32
		{39736C11-1277-4C2B-A901-5CB242839487}.Debug|Win32.ActiveCfg = Debug|Win32
		{39736C11-1277-4C2B-A901-5CB242839487}.Debug|Win32.Build.0 = Debug|Win32
		{39736C11-1277-4C2B-A901-5CB242839487}.Release|Win32.ActiveCfg = Release|Win32
		{39736C11-1277-4C2B-A901-5CB242839487}.Release|Win32.Build.0 = Release|Win32
		{7FD5C75F-BC8B-4B16-836D-A68FD2336431}.Debug|Win32.ActiveCfg = Debug|Win32
		{7FD5C75F-BC8B-4B16-836D-A68FD2336431}.Debug|Win32.Build.0 = Debug|Win32
		{7FD5C75F-BC8B-4B16-836D-A68FD2336431}.Release|Win32.ActiveCfg = Release|Win32
		{7FD5C75F-BC8B-4B16-836D-A68FD2336431}.Release|Win32.Build.0 = Release|Win32
		{C690F2CF-2041-4D57-87F9-459664E5523E}.Debug|Win32.ActiveCfg = Debug|Win32
		{C690F2CF-2041-4D57-87F9-459664E5523E}.Debug|Win32.Build.0 = Debug|Win32
		{C690F2CF-2041-4D57-87F9-459664E5523E}.Release|Win32.ActiveCfg = Release|Win32
		{C690F2CF-2041-4D57-87F9-459664E5523E}.Release|Win32.Build.0 = Release|Win32
		{F2ADA7FD-41A9-4953-A9A1-4770E83D6053}.Debug|Win32.ActiveCfg = Debug|Win32
		{F2ADA7FD-41A9-4953-A9A1-4770E83D6053}.Debug|Win32.Build.0 = Debug|Win32
		{F2ADA7FD-41A9-4953-A9A1-4770E83D6053}.Release|Win32.ActiveCfg = Release|Win32
		{F2ADA7FD-41A9-4953-A9A1-4770E83D6053}.Release|Win32.Build.0 = Release|Win32
		{4422AAF3-3CCD-4A1D-BE03-D91ED9A87F30}.Debug|Win32.ActiveCfg = Debug|Win32
		{4422AAF3-3CCD-4A1D-BE03-D91ED9A87F30}.Debug|Win32.Build.0 = Debug|Win32
		{4422AAF3-3CCD-4A1D-BE03-D91ED9A87F30}.Release|Win32.ActiveCfg = Release|Win32
		{4422AAF3-3CCD-4A1D-BE03-D91ED9A87F30}.Release|Win32.Build.0 = Release|Win32
		{A6791D7F-5C10-4F0D-AAA5-A9DABFA78397}.Debug|Win32.ActiveCfg = Debug|Win32
		{A6791D7F-5C10-4F0D-AAA5-A9DABFA78397}.Debug|Win32.Build.0 = Debug|Win32
		{A6791D7F-5C10-4F0D-AAA5-A9DABFA78397}.Release|Win32.ActiveCfg = Release|Win32
		{A6791D7F-5C10-4F0D-AAA5-A9DABFA78397}.Release|Win32.Build.0 = Release|Win32
		{44DE415C-32C9-45A6-929A-E4BF315C387B}.Debug|Win32.ActiveCfg = Debug|Win32
		{44DE415C-32C9-45A6-929A-E4BF315C387B}.Debug|Win32.Build.0 = Debug|Win32
		{44DE415C-32C9-45A6-929A-E4BF315C387B}.Release|Win32.ActiveCfg = Release|Win32
		{44DE415C-32C9-45A6-929A-E4BF315C387B}.Release|Win32.Build.0 = Release|Win32
		{29D1A75E-DFE4-4A2D-995B-72A6D1B00903}.Debug|Win32.ActiveCfg = Debug|Win32
		{29D1A75E-DFE4-4A2D-995B-72A6D1B00903}.Debug|Win32.Build.0 = Debug|Win32
		{29D1A75E-DFE4-4A2D-995B-72A6D1B00903}.Release|Win32.ActiveCfg = Release|Win32
		{29D1A75E-DFE4-4A2D-995B-72A6D1B00903}.Release|Win32.Build.0 = Release|Win32
		{F56F1D64-B18F-4474-AB7A-7F2A1DD793A2}.Debug|Win32.ActiveCfg = Debug|Win32
		{F56F1D64-B18F-4474-AB7A-7F2A1DD793A2}.Debug|Win32.Build.0 = Debug|Win32
		{F56F1D64-B18F-4474-AB7A-7F2A1DD793A2}.Release|Win32.ActiveCfg = Release|Win32
		{F56F1D64-B18F-4474-AB7A-7F2A1DD793A2}.Release|Win32.Build.0 = Release|Win32
		{7A267E96-8C69-44FD-99A6-BB7ECB538BFC}.Debug|Win32.ActiveCfg = Debug|Win32
		{7A267E96-8C69-44FD-99A6-BB7ECB538BFC}.Debug|Win32.Build.0 = Debug|Win32
		{7A267E96-8C69-44FD-99A6-BB7ECB538BFC}.Release|Win32.ActiveCfg = Release|Win32
		{7A267E96-8C69-44FD-99A6-BB7ECB538BFC}.Release|Win32.Build.0 = Release|Win32
		{CA8DDD7A-7ED1-42A6-923E-32E1B8949BC5}.Debug|Win32.ActiveCfg = Debug|Win32
		{CA8DDD7A-7ED1-42A6-923E-32E1B8949BC5}.Debug|Win32.Build.0 = Debug|Win32
		{CA8DDD7A-7ED1-42A6-923E-32E1B8949BC5}.Release|Win32.ActiveCfg = Release|Win32
		{CA8DDD7A-7ED1-42A6-923E-32E1B8949BC5}.Release|Win32.Build.0 = Release|Win32
	EndGlobalSection
	GlobalSection(SolutionProperties) = preSolution
		HideSolutionNode = FALSE
	EndGlobalSection
EndGlobal
