
Microsoft Visual Studio Solution File, Format Version 12.00
# Visual Studio 2010
Project("{FAE04EC0-301F-11D3-BF4B-00C04F79EFBC}") = "Tmshared", "Tmshared\Tmshared.csproj", "{2D6B0B34-62EC-4D10-ADF1-43AED7D7787D}"
EndProject
Project("{FAE04EC0-301F-11D3-BF4B-00C04F79EFBC}") = "Tmreports", "Tmreports\Tmreports.csproj", "{73D7E2C6-2852-473F-A02B-72436055DF41}"
	ProjectSection(ProjectDependencies) = postProject
		{2D6B0B34-62EC-4D10-ADF1-43AED7D7787D} = {2D6B0B34-62EC-4D10-ADF1-43AED7D7787D}
		{2CCB7C80-C5B7-46DE-BCDA-1CD647C43664} = {2CCB7C80-C5B7-46DE-BCDA-1CD647C43664}
		{A4EDE59D-8491-4914-81E0-E7E1B80BC31A} = {A4EDE59D-8491-4914-81E0-E7E1B80BC31A}
		{40DE89D7-3875-4C05-9635-784C5079939F} = {40DE89D7-3875-4C05-9635-784C5079939F}
	EndProjectSection
EndProject
Project("{FAE04EC0-301F-11D3-BF4B-00C04F79EFBC}") = "Tmpanes", "Tmpanes\Tmpanes.csproj", "{C8D60708-17EB-41B4-9DF6-973F1CA63F25}"
	ProjectSection(ProjectDependencies) = postProject
		{2D6B0B34-62EC-4D10-ADF1-43AED7D7787D} = {2D6B0B34-62EC-4D10-ADF1-43AED7D7787D}
		{974F604C-EC81-4782-8312-8B5880D3EB75} = {974F604C-EC81-4782-8312-8B5880D3EB75}
		{2CCB7C80-C5B7-46DE-BCDA-1CD647C43664} = {2CCB7C80-C5B7-46DE-BCDA-1CD647C43664}
		{A4EDE59D-8491-4914-81E0-E7E1B80BC31A} = {A4EDE59D-8491-4914-81E0-E7E1B80BC31A}
		{73D7E2C6-2852-473F-A02B-72436055DF41} = {73D7E2C6-2852-473F-A02B-72436055DF41}
		{402F89C9-4765-4D77-B0C0-F494AF9081F3} = {402F89C9-4765-4D77-B0C0-F494AF9081F3}
		{40DE89D7-3875-4C05-9635-784C5079939F} = {40DE89D7-3875-4C05-9635-784C5079939F}
	EndProjectSection
EndProject
Project("{FAE04EC0-301F-11D3-BF4B-00C04F79EFBC}") = "Tmoffice", "Tmoffice\Tmoffice.csproj", "{402F89C9-4765-4D77-B0C0-F494AF9081F3}"
	ProjectSection(ProjectDependencies) = postProject
		{2D6B0B34-62EC-4D10-ADF1-43AED7D7787D} = {2D6B0B34-62EC-4D10-ADF1-43AED7D7787D}
	EndProjectSection
EndProject
Project("{FAE04EC0-301F-11D3-BF4B-00C04F79EFBC}") = "Tmforms", "Tmforms\Tmforms.csproj", "{A4EDE59D-8491-4914-81E0-E7E1B80BC31A}"
	ProjectSection(ProjectDependencies) = postProject
		{2D6B0B34-62EC-4D10-ADF1-43AED7D7787D} = {2D6B0B34-62EC-4D10-ADF1-43AED7D7787D}
		{974F604C-EC81-4782-8312-8B5880D3EB75} = {974F604C-EC81-4782-8312-8B5880D3EB75}
		{2CCB7C80-C5B7-46DE-BCDA-1CD647C43664} = {2CCB7C80-C5B7-46DE-BCDA-1CD647C43664}
		{DDEE6E9D-5728-42A4-B78B-9845684E3397} = {DDEE6E9D-5728-42A4-B78B-9845684E3397}
		{402F89C9-4765-4D77-B0C0-F494AF9081F3} = {402F89C9-4765-4D77-B0C0-F494AF9081F3}
	EndProjectSection
EndProject
Project("{FAE04EC0-301F-11D3-BF4B-00C04F79EFBC}") = "Tmencode", "Tmencode\Tmencode.csproj", "{DDEE6E9D-5728-42A4-B78B-9845684E3397}"
	ProjectSection(ProjectDependencies) = postProject
		{2D6B0B34-62EC-4D10-ADF1-43AED7D7787D} = {2D6B0B34-62EC-4D10-ADF1-43AED7D7787D}
	EndProjectSection
EndProject
Project("{FAE04EC0-301F-11D3-BF4B-00C04F79EFBC}") = "Tmdata", "Tmdata\Tmdata.csproj", "{40DE89D7-3875-4C05-9635-784C5079939F}"
	ProjectSection(ProjectDependencies) = postProject
		{2D6B0B34-62EC-4D10-ADF1-43AED7D7787D} = {2D6B0B34-62EC-4D10-ADF1-43AED7D7787D}
		{974F604C-EC81-4782-8312-8B5880D3EB75} = {974F604C-EC81-4782-8312-8B5880D3EB75}
		{DDEE6E9D-5728-42A4-B78B-9845684E3397} = {DDEE6E9D-5728-42A4-B78B-9845684E3397}
		{A4EDE59D-8491-4914-81E0-E7E1B80BC31A} = {A4EDE59D-8491-4914-81E0-E7E1B80BC31A}
		{402F89C9-4765-4D77-B0C0-F494AF9081F3} = {402F89C9-4765-4D77-B0C0-F494AF9081F3}
	EndProjectSection
EndProject
Project("{FAE04EC0-301F-11D3-BF4B-00C04F79EFBC}") = "Tmctrls", "Tmctrls\Tmctrls.csproj", "{2CCB7C80-C5B7-46DE-BCDA-1CD647C43664}"
	ProjectSection(ProjectDependencies) = postProject
		{2D6B0B34-62EC-4D10-ADF1-43AED7D7787D} = {2D6B0B34-62EC-4D10-ADF1-43AED7D7787D}
		{974F604C-EC81-4782-8312-8B5880D3EB75} = {974F604C-EC81-4782-8312-8B5880D3EB75}
	EndProjectSection
EndProject
Project("{FAE04EC0-301F-11D3-BF4B-00C04F79EFBC}") = "Tmactx", "Tmactx\Tmactx.csproj", "{974F604C-EC81-4782-8312-8B5880D3EB75}"
	ProjectSection(ProjectDependencies) = postProject
		{2D6B0B34-62EC-4D10-ADF1-43AED7D7787D} = {2D6B0B34-62EC-4D10-ADF1-43AED7D7787D}
	EndProjectSection
EndProject
Project("{FAE04EC0-301F-11D3-BF4B-00C04F79EFBC}") = "Tmvideo", "Tmvideo\Tmvideo.csproj", "{1A2CAE99-44F0-40D5-B6B6-8173938409F9}"
	ProjectSection(ProjectDependencies) = postProject
		{2D6B0B34-62EC-4D10-ADF1-43AED7D7787D} = {2D6B0B34-62EC-4D10-ADF1-43AED7D7787D}
		{2CCB7C80-C5B7-46DE-BCDA-1CD647C43664} = {2CCB7C80-C5B7-46DE-BCDA-1CD647C43664}
		{DDEE6E9D-5728-42A4-B78B-9845684E3397} = {DDEE6E9D-5728-42A4-B78B-9845684E3397}
		{A4EDE59D-8491-4914-81E0-E7E1B80BC31A} = {A4EDE59D-8491-4914-81E0-E7E1B80BC31A}
	EndProjectSection
EndProject
Project("{FAE04EC0-301F-11D3-BF4B-00C04F79EFBC}") = "TmaxManager", "TmaxManager\TmaxManager.csproj", "{A7F6C20D-7C1D-4EE1-8E7E-3CD1919F8A1B}"
	ProjectSection(ProjectDependencies) = postProject
		{C8D60708-17EB-41B4-9DF6-973F1CA63F25} = {C8D60708-17EB-41B4-9DF6-973F1CA63F25}
		{2D6B0B34-62EC-4D10-ADF1-43AED7D7787D} = {2D6B0B34-62EC-4D10-ADF1-43AED7D7787D}
		{974F604C-EC81-4782-8312-8B5880D3EB75} = {974F604C-EC81-4782-8312-8B5880D3EB75}
		{2CCB7C80-C5B7-46DE-BCDA-1CD647C43664} = {2CCB7C80-C5B7-46DE-BCDA-1CD647C43664}
		{DDEE6E9D-5728-42A4-B78B-9845684E3397} = {DDEE6E9D-5728-42A4-B78B-9845684E3397}
		{A4EDE59D-8491-4914-81E0-E7E1B80BC31A} = {A4EDE59D-8491-4914-81E0-E7E1B80BC31A}
		{73D7E2C6-2852-473F-A02B-72436055DF41} = {73D7E2C6-2852-473F-A02B-72436055DF41}
		{402F89C9-4765-4D77-B0C0-F494AF9081F3} = {402F89C9-4765-4D77-B0C0-F494AF9081F3}
		{40DE89D7-3875-4C05-9635-784C5079939F} = {40DE89D7-3875-4C05-9635-784C5079939F}
	EndProjectSection
EndProject
Project("{FAE04EC0-301F-11D3-BF4B-00C04F79EFBC}") = "TmaxVideo", "TmaxVideo\TmaxVideo.csproj", "{923E2243-FFA9-484B-9E4F-41D9D8739AFF}"
	ProjectSection(ProjectDependencies) = postProject
		{2D6B0B34-62EC-4D10-ADF1-43AED7D7787D} = {2D6B0B34-62EC-4D10-ADF1-43AED7D7787D}
		{974F604C-EC81-4782-8312-8B5880D3EB75} = {974F604C-EC81-4782-8312-8B5880D3EB75}
		{2CCB7C80-C5B7-46DE-BCDA-1CD647C43664} = {2CCB7C80-C5B7-46DE-BCDA-1CD647C43664}
		{1A2CAE99-44F0-40D5-B6B6-8173938409F9} = {1A2CAE99-44F0-40D5-B6B6-8173938409F9}
		{DDEE6E9D-5728-42A4-B78B-9845684E3397} = {DDEE6E9D-5728-42A4-B78B-9845684E3397}
		{A4EDE59D-8491-4914-81E0-E7E1B80BC31A} = {A4EDE59D-8491-4914-81E0-E7E1B80BC31A}
	EndProjectSection
EndProject
Project("{FAE04EC0-301F-11D3-BF4B-00C04F79EFBC}") = "TmaxInstaller", "TmaxInstaller\TmaxInstaller.csproj", "{F3D0D618-66B5-4EC6-83A3-E40A3BA9F293}"
EndProject
Project("{FAE04EC0-301F-11D3-BF4B-00C04F79EFBC}") = "TmaxSetupInsatller", "TmaxSetupInsatller\TmaxSetupInsatller.csproj", "{5132B7B9-FD44-4C62-9741-209F017B0CF2}"
EndProject
Project("{8BC9CEB8-8B4A-11D0-8D11-00A0C91BC942}") = "Tm_bars6", "TmaxPresentation\Tmbars\Tm_bars6.vcxproj", "{4422AAF3-3CCD-4A1D-BE03-D91ED9A87F30}"
EndProject
Project("{8BC9CEB8-8B4A-11D0-8D11-00A0C91BC942}") = "Tm_browse6", "TmaxPresentation\Tmbrowse\Tm_browse6.vcxproj", "{C690F2CF-2041-4D57-87F9-459664E5523E}"
EndProject
Project("{8BC9CEB8-8B4A-11D0-8D11-00A0C91BC942}") = "Tm_grab6", "TmaxPresentation\Tmgrab\Tm_grab6.vcxproj", "{39736C11-1277-4C2B-A901-5CB242839487}"
EndProject
Project("{8BC9CEB8-8B4A-11D0-8D11-00A0C91BC942}") = "Tm_lpen6", "TmaxPresentation\Tmlpen\Tm_lpen6.vcxproj", "{3C8F42DF-2B77-4C1D-A4E6-61C1B5DB30A1}"
EndProject
Project("{8BC9CEB8-8B4A-11D0-8D11-00A0C91BC942}") = "Tm_movie6", "TmaxPresentation\Tmmovie\Tm_movie6.vcxproj", "{44C84A5C-83CE-47F5-A918-D13C130CD295}"
EndProject
Project("{8BC9CEB8-8B4A-11D0-8D11-00A0C91BC942}") = "Tm_power6", "TmaxPresentation\Tmpower\Tm_power6.vcxproj", "{CC64AFCD-C748-4D1A-89D9-4A21F0183F4F}"
EndProject
Project("{8BC9CEB8-8B4A-11D0-8D11-00A0C91BC942}") = "Tm_print6", "TmaxPresentation\Tmprint\Tm_print6.vcxproj", "{3C7D399C-1924-4EBB-ABC8-1676B6526B94}"
EndProject
Project("{8BC9CEB8-8B4A-11D0-8D11-00A0C91BC942}") = "Tm_setup6", "TmaxPresentation\Tmsetup\Tm_setup6.vcxproj", "{31075468-86AF-4F9F-9242-74853C4EA817}"
EndProject
Project("{8BC9CEB8-8B4A-11D0-8D11-00A0C91BC942}") = "Tm_share6", "TmaxPresentation\Tmshare\Tm_share6.vcxproj", "{57E9EDB7-2395-4A91-95D0-1634EBEDC59A}"
EndProject
Project("{8BC9CEB8-8B4A-11D0-8D11-00A0C91BC942}") = "Tm_stat6", "TmaxPresentation\Tmstat\Tm_stat6.vcxproj", "{8A30E140-0F4C-482E-9E59-2C5B611AC65F}"
EndProject
Project("{8BC9CEB8-8B4A-11D0-8D11-00A0C91BC942}") = "Tm_text6", "TmaxPresentation\Tmtext\Tm_text6.vcxproj", "{5B4E588E-3EFD-4717-A988-F7F46432E063}"
EndProject
Project("{8BC9CEB8-8B4A-11D0-8D11-00A0C91BC942}") = "Tm_tool6", "TmaxPresentation\Tmtool\Tm_tool6.vcxproj", "{F4B2619A-09E0-4350-B4C9-C2A99888EE49}"
EndProject
Project("{8BC9CEB8-8B4A-11D0-8D11-00A0C91BC942}") = "Tm_xml6", "TmaxPresentation\Tmxml\Tm_xml6.vcxproj", "{164882ED-E82E-41F7-A8C4-E3CE6869C091}"
EndProject
Project("{8BC9CEB8-8B4A-11D0-8D11-00A0C91BC942}") = "TmaxPresentation", "TmaxPresentation\App\TmaxPresentation.vcxproj", "{F56F1D64-B18F-4474-AB7A-7F2A1DD793A2}"
EndProject
Project("{8BC9CEB8-8B4A-11D0-8D11-00A0C91BC942}") = "Tm_view6", "TmaxPresentation\Tmview\Tm_view6.vcxproj", "{4FF21125-81A6-44AD-8F11-FD7B3B3F9DD9}"
EndProject
Project("{54435603-DBB4-11D2-8724-00A0C9A8B90C}") = "tmax_Update", "tmax_Update\tmax_Update.vdproj", "{358EB4D3-1A78-41A8-9F32-7A6ECE91A1CC}"
EndProject
Global
	GlobalSection(SolutionConfigurationPlatforms) = preSolution
		Debug|Any CPU = Debug|Any CPU
		Debug|Mixed Platforms = Debug|Mixed Platforms
		Debug|Win32 = Debug|Win32
		Release|Any CPU = Release|Any CPU
		Release|Mixed Platforms = Release|Mixed Platforms
		Release|Win32 = Release|Win32
	EndGlobalSection
	GlobalSection(ProjectConfigurationPlatforms) = postSolution
		{2D6B0B34-62EC-4D10-ADF1-43AED7D7787D}.Debug|Any CPU.ActiveCfg = Debug|Any CPU
		{2D6B0B34-62EC-4D10-ADF1-43AED7D7787D}.Debug|Any CPU.Build.0 = Debug|Any CPU
		{2D6B0B34-62EC-4D10-ADF1-43AED7D7787D}.Debug|Mixed Platforms.ActiveCfg = Debug|Any CPU
		{2D6B0B34-62EC-4D10-ADF1-43AED7D7787D}.Debug|Mixed Platforms.Build.0 = Debug|Any CPU
		{2D6B0B34-62EC-4D10-ADF1-43AED7D7787D}.Debug|Win32.ActiveCfg = Debug|Any CPU
		{2D6B0B34-62EC-4D10-ADF1-43AED7D7787D}.Release|Any CPU.ActiveCfg = Release|Any CPU
		{2D6B0B34-62EC-4D10-ADF1-43AED7D7787D}.Release|Any CPU.Build.0 = Release|Any CPU
		{2D6B0B34-62EC-4D10-ADF1-43AED7D7787D}.Release|Mixed Platforms.ActiveCfg = Release|Any CPU
		{2D6B0B34-62EC-4D10-ADF1-43AED7D7787D}.Release|Mixed Platforms.Build.0 = Release|Any CPU
		{2D6B0B34-62EC-4D10-ADF1-43AED7D7787D}.Release|Win32.ActiveCfg = Release|Any CPU
		{73D7E2C6-2852-473F-A02B-72436055DF41}.Debug|Any CPU.ActiveCfg = Debug|Any CPU
		{73D7E2C6-2852-473F-A02B-72436055DF41}.Debug|Any CPU.Build.0 = Debug|Any CPU
		{73D7E2C6-2852-473F-A02B-72436055DF41}.Debug|Mixed Platforms.ActiveCfg = Debug|Any CPU
		{73D7E2C6-2852-473F-A02B-72436055DF41}.Debug|Mixed Platforms.Build.0 = Debug|Any CPU
		{73D7E2C6-2852-473F-A02B-72436055DF41}.Debug|Win32.ActiveCfg = Debug|Any CPU
		{73D7E2C6-2852-473F-A02B-72436055DF41}.Release|Any CPU.ActiveCfg = Release|Any CPU
		{73D7E2C6-2852-473F-A02B-72436055DF41}.Release|Any CPU.Build.0 = Release|Any CPU
		{73D7E2C6-2852-473F-A02B-72436055DF41}.Release|Mixed Platforms.ActiveCfg = Release|Any CPU
		{73D7E2C6-2852-473F-A02B-72436055DF41}.Release|Mixed Platforms.Build.0 = Release|Any CPU
		{73D7E2C6-2852-473F-A02B-72436055DF41}.Release|Win32.ActiveCfg = Release|Any CPU
		{C8D60708-17EB-41B4-9DF6-973F1CA63F25}.Debug|Any CPU.ActiveCfg = Debug|Any CPU
		{C8D60708-17EB-41B4-9DF6-973F1CA63F25}.Debug|Any CPU.Build.0 = Debug|Any CPU
		{C8D60708-17EB-41B4-9DF6-973F1CA63F25}.Debug|Mixed Platforms.ActiveCfg = Debug|Any CPU
		{C8D60708-17EB-41B4-9DF6-973F1CA63F25}.Debug|Mixed Platforms.Build.0 = Debug|Any CPU
		{C8D60708-17EB-41B4-9DF6-973F1CA63F25}.Debug|Win32.ActiveCfg = Debug|Any CPU
		{C8D60708-17EB-41B4-9DF6-973F1CA63F25}.Release|Any CPU.ActiveCfg = Release|Any CPU
		{C8D60708-17EB-41B4-9DF6-973F1CA63F25}.Release|Any CPU.Build.0 = Release|Any CPU
		{C8D60708-17EB-41B4-9DF6-973F1CA63F25}.Release|Mixed Platforms.ActiveCfg = Release|Any CPU
		{C8D60708-17EB-41B4-9DF6-973F1CA63F25}.Release|Mixed Platforms.Build.0 = Release|Any CPU
		{C8D60708-17EB-41B4-9DF6-973F1CA63F25}.Release|Win32.ActiveCfg = Release|Any CPU
		{402F89C9-4765-4D77-B0C0-F494AF9081F3}.Debug|Any CPU.ActiveCfg = Debug|Any CPU
		{402F89C9-4765-4D77-B0C0-F494AF9081F3}.Debug|Any CPU.Build.0 = Debug|Any CPU
		{402F89C9-4765-4D77-B0C0-F494AF9081F3}.Debug|Mixed Platforms.ActiveCfg = Debug|Any CPU
		{402F89C9-4765-4D77-B0C0-F494AF9081F3}.Debug|Mixed Platforms.Build.0 = Debug|Any CPU
		{402F89C9-4765-4D77-B0C0-F494AF9081F3}.Debug|Win32.ActiveCfg = Debug|Any CPU
		{402F89C9-4765-4D77-B0C0-F494AF9081F3}.Release|Any CPU.ActiveCfg = Release|Any CPU
		{402F89C9-4765-4D77-B0C0-F494AF9081F3}.Release|Any CPU.Build.0 = Release|Any CPU
		{402F89C9-4765-4D77-B0C0-F494AF9081F3}.Release|Mixed Platforms.ActiveCfg = Release|Any CPU
		{402F89C9-4765-4D77-B0C0-F494AF9081F3}.Release|Mixed Platforms.Build.0 = Release|Any CPU
		{402F89C9-4765-4D77-B0C0-F494AF9081F3}.Release|Win32.ActiveCfg = Release|Any CPU
		{A4EDE59D-8491-4914-81E0-E7E1B80BC31A}.Debug|Any CPU.ActiveCfg = Debug|Any CPU
		{A4EDE59D-8491-4914-81E0-E7E1B80BC31A}.Debug|Any CPU.Build.0 = Debug|Any CPU
		{A4EDE59D-8491-4914-81E0-E7E1B80BC31A}.Debug|Mixed Platforms.ActiveCfg = Debug|Any CPU
		{A4EDE59D-8491-4914-81E0-E7E1B80BC31A}.Debug|Mixed Platforms.Build.0 = Debug|Any CPU
		{A4EDE59D-8491-4914-81E0-E7E1B80BC31A}.Debug|Win32.ActiveCfg = Debug|Any CPU
		{A4EDE59D-8491-4914-81E0-E7E1B80BC31A}.Release|Any CPU.ActiveCfg = Release|Any CPU
		{A4EDE59D-8491-4914-81E0-E7E1B80BC31A}.Release|Any CPU.Build.0 = Release|Any CPU
		{A4EDE59D-8491-4914-81E0-E7E1B80BC31A}.Release|Mixed Platforms.ActiveCfg = Release|Any CPU
		{A4EDE59D-8491-4914-81E0-E7E1B80BC31A}.Release|Mixed Platforms.Build.0 = Release|Any CPU
		{A4EDE59D-8491-4914-81E0-E7E1B80BC31A}.Release|Win32.ActiveCfg = Release|Any CPU
		{DDEE6E9D-5728-42A4-B78B-9845684E3397}.Debug|Any CPU.ActiveCfg = Debug|Any CPU
		{DDEE6E9D-5728-42A4-B78B-9845684E3397}.Debug|Any CPU.Build.0 = Debug|Any CPU
		{DDEE6E9D-5728-42A4-B78B-9845684E3397}.Debug|Mixed Platforms.ActiveCfg = Debug|Any CPU
		{DDEE6E9D-5728-42A4-B78B-9845684E3397}.Debug|Mixed Platforms.Build.0 = Debug|Any CPU
		{DDEE6E9D-5728-42A4-B78B-9845684E3397}.Debug|Win32.ActiveCfg = Debug|Any CPU
		{DDEE6E9D-5728-42A4-B78B-9845684E3397}.Release|Any CPU.ActiveCfg = Release|Any CPU
		{DDEE6E9D-5728-42A4-B78B-9845684E3397}.Release|Any CPU.Build.0 = Release|Any CPU
		{DDEE6E9D-5728-42A4-B78B-9845684E3397}.Release|Mixed Platforms.ActiveCfg = Release|Any CPU
		{DDEE6E9D-5728-42A4-B78B-9845684E3397}.Release|Mixed Platforms.Build.0 = Release|Any CPU
		{DDEE6E9D-5728-42A4-B78B-9845684E3397}.Release|Win32.ActiveCfg = Release|Any CPU
		{40DE89D7-3875-4C05-9635-784C5079939F}.Debug|Any CPU.ActiveCfg = Debug|Any CPU
		{40DE89D7-3875-4C05-9635-784C5079939F}.Debug|Any CPU.Build.0 = Debug|Any CPU
		{40DE89D7-3875-4C05-9635-784C5079939F}.Debug|Mixed Platforms.ActiveCfg = Debug|Any CPU
		{40DE89D7-3875-4C05-9635-784C5079939F}.Debug|Mixed Platforms.Build.0 = Debug|Any CPU
		{40DE89D7-3875-4C05-9635-784C5079939F}.Debug|Win32.ActiveCfg = Debug|Any CPU
		{40DE89D7-3875-4C05-9635-784C5079939F}.Release|Any CPU.ActiveCfg = Release|Any CPU
		{40DE89D7-3875-4C05-9635-784C5079939F}.Release|Any CPU.Build.0 = Release|Any CPU
		{40DE89D7-3875-4C05-9635-784C5079939F}.Release|Mixed Platforms.ActiveCfg = Release|Any CPU
		{40DE89D7-3875-4C05-9635-784C5079939F}.Release|Mixed Platforms.Build.0 = Release|Any CPU
		{40DE89D7-3875-4C05-9635-784C5079939F}.Release|Win32.ActiveCfg = Release|Any CPU
		{2CCB7C80-C5B7-46DE-BCDA-1CD647C43664}.Debug|Any CPU.ActiveCfg = Debug|Any CPU
		{2CCB7C80-C5B7-46DE-BCDA-1CD647C43664}.Debug|Any CPU.Build.0 = Debug|Any CPU
		{2CCB7C80-C5B7-46DE-BCDA-1CD647C43664}.Debug|Mixed Platforms.ActiveCfg = Debug|Any CPU
		{2CCB7C80-C5B7-46DE-BCDA-1CD647C43664}.Debug|Mixed Platforms.Build.0 = Debug|Any CPU
		{2CCB7C80-C5B7-46DE-BCDA-1CD647C43664}.Debug|Win32.ActiveCfg = Debug|Any CPU
		{2CCB7C80-C5B7-46DE-BCDA-1CD647C43664}.Release|Any CPU.ActiveCfg = Release|Any CPU
		{2CCB7C80-C5B7-46DE-BCDA-1CD647C43664}.Release|Any CPU.Build.0 = Release|Any CPU
		{2CCB7C80-C5B7-46DE-BCDA-1CD647C43664}.Release|Mixed Platforms.ActiveCfg = Release|Any CPU
		{2CCB7C80-C5B7-46DE-BCDA-1CD647C43664}.Release|Mixed Platforms.Build.0 = Release|Any CPU
		{2CCB7C80-C5B7-46DE-BCDA-1CD647C43664}.Release|Win32.ActiveCfg = Release|Any CPU
		{974F604C-EC81-4782-8312-8B5880D3EB75}.Debug|Any CPU.ActiveCfg = Debug|Any CPU
		{974F604C-EC81-4782-8312-8B5880D3EB75}.Debug|Any CPU.Build.0 = Debug|Any CPU
		{974F604C-EC81-4782-8312-8B5880D3EB75}.Debug|Mixed Platforms.ActiveCfg = Debug|Any CPU
		{974F604C-EC81-4782-8312-8B5880D3EB75}.Debug|Mixed Platforms.Build.0 = Debug|Any CPU
		{974F604C-EC81-4782-8312-8B5880D3EB75}.Debug|Win32.ActiveCfg = Debug|Any CPU
		{974F604C-EC81-4782-8312-8B5880D3EB75}.Release|Any CPU.ActiveCfg = Release|Any CPU
		{974F604C-EC81-4782-8312-8B5880D3EB75}.Release|Any CPU.Build.0 = Release|Any CPU
		{974F604C-EC81-4782-8312-8B5880D3EB75}.Release|Mixed Platforms.ActiveCfg = Release|Any CPU
		{974F604C-EC81-4782-8312-8B5880D3EB75}.Release|Mixed Platforms.Build.0 = Release|Any CPU
		{974F604C-EC81-4782-8312-8B5880D3EB75}.Release|Win32.ActiveCfg = Release|Any CPU
		{1A2CAE99-44F0-40D5-B6B6-8173938409F9}.Debug|Any CPU.ActiveCfg = Debug|Any CPU
		{1A2CAE99-44F0-40D5-B6B6-8173938409F9}.Debug|Any CPU.Build.0 = Debug|Any CPU
		{1A2CAE99-44F0-40D5-B6B6-8173938409F9}.Debug|Mixed Platforms.ActiveCfg = Debug|Any CPU
		{1A2CAE99-44F0-40D5-B6B6-8173938409F9}.Debug|Mixed Platforms.Build.0 = Debug|Any CPU
		{1A2CAE99-44F0-40D5-B6B6-8173938409F9}.Debug|Win32.ActiveCfg = Debug|Any CPU
		{1A2CAE99-44F0-40D5-B6B6-8173938409F9}.Release|Any CPU.ActiveCfg = Release|Any CPU
		{1A2CAE99-44F0-40D5-B6B6-8173938409F9}.Release|Any CPU.Build.0 = Release|Any CPU
		{1A2CAE99-44F0-40D5-B6B6-8173938409F9}.Release|Mixed Platforms.ActiveCfg = Release|Any CPU
		{1A2CAE99-44F0-40D5-B6B6-8173938409F9}.Release|Mixed Platforms.Build.0 = Release|Any CPU
		{1A2CAE99-44F0-40D5-B6B6-8173938409F9}.Release|Win32.ActiveCfg = Release|Any CPU
		{A7F6C20D-7C1D-4EE1-8E7E-3CD1919F8A1B}.Debug|Any CPU.ActiveCfg = Debug|Any CPU
		{A7F6C20D-7C1D-4EE1-8E7E-3CD1919F8A1B}.Debug|Any CPU.Build.0 = Debug|Any CPU
		{A7F6C20D-7C1D-4EE1-8E7E-3CD1919F8A1B}.Debug|Mixed Platforms.ActiveCfg = Debug|Any CPU
		{A7F6C20D-7C1D-4EE1-8E7E-3CD1919F8A1B}.Debug|Mixed Platforms.Build.0 = Debug|Any CPU
		{A7F6C20D-7C1D-4EE1-8E7E-3CD1919F8A1B}.Debug|Win32.ActiveCfg = Debug|Any CPU
		{A7F6C20D-7C1D-4EE1-8E7E-3CD1919F8A1B}.Release|Any CPU.ActiveCfg = Release|Any CPU
		{A7F6C20D-7C1D-4EE1-8E7E-3CD1919F8A1B}.Release|Any CPU.Build.0 = Release|Any CPU
		{A7F6C20D-7C1D-4EE1-8E7E-3CD1919F8A1B}.Release|Mixed Platforms.ActiveCfg = Release|Any CPU
		{A7F6C20D-7C1D-4EE1-8E7E-3CD1919F8A1B}.Release|Mixed Platforms.Build.0 = Release|Any CPU
		{A7F6C20D-7C1D-4EE1-8E7E-3CD1919F8A1B}.Release|Win32.ActiveCfg = Release|Any CPU
		{923E2243-FFA9-484B-9E4F-41D9D8739AFF}.Debug|Any CPU.ActiveCfg = Debug|Any CPU
		{923E2243-FFA9-484B-9E4F-41D9D8739AFF}.Debug|Any CPU.Build.0 = Debug|Any CPU
		{923E2243-FFA9-484B-9E4F-41D9D8739AFF}.Debug|Mixed Platforms.ActiveCfg = Debug|Any CPU
		{923E2243-FFA9-484B-9E4F-41D9D8739AFF}.Debug|Mixed Platforms.Build.0 = Debug|Any CPU
		{923E2243-FFA9-484B-9E4F-41D9D8739AFF}.Debug|Win32.ActiveCfg = Debug|Any CPU
		{923E2243-FFA9-484B-9E4F-41D9D8739AFF}.Release|Any CPU.ActiveCfg = Release|Any CPU
		{923E2243-FFA9-484B-9E4F-41D9D8739AFF}.Release|Any CPU.Build.0 = Release|Any CPU
		{923E2243-FFA9-484B-9E4F-41D9D8739AFF}.Release|Mixed Platforms.ActiveCfg = Release|Any CPU
		{923E2243-FFA9-484B-9E4F-41D9D8739AFF}.Release|Mixed Platforms.Build.0 = Release|Any CPU
		{923E2243-FFA9-484B-9E4F-41D9D8739AFF}.Release|Win32.ActiveCfg = Release|Any CPU
		{F3D0D618-66B5-4EC6-83A3-E40A3BA9F293}.Debug|Any CPU.ActiveCfg = Debug|Any CPU
		{F3D0D618-66B5-4EC6-83A3-E40A3BA9F293}.Debug|Any CPU.Build.0 = Debug|Any CPU
		{F3D0D618-66B5-4EC6-83A3-E40A3BA9F293}.Debug|Mixed Platforms.ActiveCfg = Debug|Any CPU
		{F3D0D618-66B5-4EC6-83A3-E40A3BA9F293}.Debug|Mixed Platforms.Build.0 = Debug|Any CPU
		{F3D0D618-66B5-4EC6-83A3-E40A3BA9F293}.Debug|Win32.ActiveCfg = Debug|Any CPU
		{F3D0D618-66B5-4EC6-83A3-E40A3BA9F293}.Release|Any CPU.ActiveCfg = Release|Any CPU
		{F3D0D618-66B5-4EC6-83A3-E40A3BA9F293}.Release|Any CPU.Build.0 = Release|Any CPU
		{F3D0D618-66B5-4EC6-83A3-E40A3BA9F293}.Release|Mixed Platforms.ActiveCfg = Release|Any CPU
		{F3D0D618-66B5-4EC6-83A3-E40A3BA9F293}.Release|Mixed Platforms.Build.0 = Release|Any CPU
		{F3D0D618-66B5-4EC6-83A3-E40A3BA9F293}.Release|Win32.ActiveCfg = Release|Any CPU
		{5132B7B9-FD44-4C62-9741-209F017B0CF2}.Debug|Any CPU.ActiveCfg = Debug|Any CPU
		{5132B7B9-FD44-4C62-9741-209F017B0CF2}.Debug|Any CPU.Build.0 = Debug|Any CPU
		{5132B7B9-FD44-4C62-9741-209F017B0CF2}.Debug|Mixed Platforms.ActiveCfg = Debug|Any CPU
		{5132B7B9-FD44-4C62-9741-209F017B0CF2}.Debug|Mixed Platforms.Build.0 = Debug|Any CPU
		{5132B7B9-FD44-4C62-9741-209F017B0CF2}.Debug|Win32.ActiveCfg = Debug|Any CPU
		{5132B7B9-FD44-4C62-9741-209F017B0CF2}.Release|Any CPU.ActiveCfg = Release|Any CPU
		{5132B7B9-FD44-4C62-9741-209F017B0CF2}.Release|Any CPU.Build.0 = Release|Any CPU
		{5132B7B9-FD44-4C62-9741-209F017B0CF2}.Release|Mixed Platforms.ActiveCfg = Release|Any CPU
		{5132B7B9-FD44-4C62-9741-209F017B0CF2}.Release|Mixed Platforms.Build.0 = Release|Any CPU
		{5132B7B9-FD44-4C62-9741-209F017B0CF2}.Release|Win32.ActiveCfg = Release|Any CPU
		{4422AAF3-3CCD-4A1D-BE03-D91ED9A87F30}.Debug|Any CPU.ActiveCfg = Debug|Win32
		{4422AAF3-3CCD-4A1D-BE03-D91ED9A87F30}.Debug|Mixed Platforms.ActiveCfg = Debug|Win32
		{4422AAF3-3CCD-4A1D-BE03-D91ED9A87F30}.Debug|Mixed Platforms.Build.0 = Debug|Win32
		{4422AAF3-3CCD-4A1D-BE03-D91ED9A87F30}.Debug|Win32.ActiveCfg = Debug|Win32
		{4422AAF3-3CCD-4A1D-BE03-D91ED9A87F30}.Debug|Win32.Build.0 = Debug|Win32
		{4422AAF3-3CCD-4A1D-BE03-D91ED9A87F30}.Release|Any CPU.ActiveCfg = Release|Win32
		{4422AAF3-3CCD-4A1D-BE03-D91ED9A87F30}.Release|Mixed Platforms.ActiveCfg = Release|Win32
		{4422AAF3-3CCD-4A1D-BE03-D91ED9A87F30}.Release|Mixed Platforms.Build.0 = Release|Win32
		{4422AAF3-3CCD-4A1D-BE03-D91ED9A87F30}.Release|Win32.ActiveCfg = Release|Win32
		{4422AAF3-3CCD-4A1D-BE03-D91ED9A87F30}.Release|Win32.Build.0 = Release|Win32
		{C690F2CF-2041-4D57-87F9-459664E5523E}.Debug|Any CPU.ActiveCfg = Debug|Win32
		{C690F2CF-2041-4D57-87F9-459664E5523E}.Debug|Mixed Platforms.ActiveCfg = Debug|Win32
		{C690F2CF-2041-4D57-87F9-459664E5523E}.Debug|Mixed Platforms.Build.0 = Debug|Win32
		{C690F2CF-2041-4D57-87F9-459664E5523E}.Debug|Win32.ActiveCfg = Debug|Win32
		{C690F2CF-2041-4D57-87F9-459664E5523E}.Debug|Win32.Build.0 = Debug|Win32
		{C690F2CF-2041-4D57-87F9-459664E5523E}.Release|Any CPU.ActiveCfg = Release|Win32
		{C690F2CF-2041-4D57-87F9-459664E5523E}.Release|Mixed Platforms.ActiveCfg = Release|Win32
		{C690F2CF-2041-4D57-87F9-459664E5523E}.Release|Mixed Platforms.Build.0 = Release|Win32
		{C690F2CF-2041-4D57-87F9-459664E5523E}.Release|Win32.ActiveCfg = Release|Win32
		{C690F2CF-2041-4D57-87F9-459664E5523E}.Release|Win32.Build.0 = Release|Win32
		{39736C11-1277-4C2B-A901-5CB242839487}.Debug|Any CPU.ActiveCfg = Debug|Win32
		{39736C11-1277-4C2B-A901-5CB242839487}.Debug|Mixed Platforms.ActiveCfg = Debug|Win32
		{39736C11-1277-4C2B-A901-5CB242839487}.Debug|Mixed Platforms.Build.0 = Debug|Win32
		{39736C11-1277-4C2B-A901-5CB242839487}.Debug|Win32.ActiveCfg = Debug|Win32
		{39736C11-1277-4C2B-A901-5CB242839487}.Debug|Win32.Build.0 = Debug|Win32
		{39736C11-1277-4C2B-A901-5CB242839487}.Release|Any CPU.ActiveCfg = Release|Win32
		{39736C11-1277-4C2B-A901-5CB242839487}.Release|Mixed Platforms.ActiveCfg = Release|Win32
		{39736C11-1277-4C2B-A901-5CB242839487}.Release|Mixed Platforms.Build.0 = Release|Win32
		{39736C11-1277-4C2B-A901-5CB242839487}.Release|Win32.ActiveCfg = Release|Win32
		{39736C11-1277-4C2B-A901-5CB242839487}.Release|Win32.Build.0 = Release|Win32
		{3C8F42DF-2B77-4C1D-A4E6-61C1B5DB30A1}.Debug|Any CPU.ActiveCfg = Debug|Win32
		{3C8F42DF-2B77-4C1D-A4E6-61C1B5DB30A1}.Debug|Mixed Platforms.ActiveCfg = Debug|Win32
		{3C8F42DF-2B77-4C1D-A4E6-61C1B5DB30A1}.Debug|Mixed Platforms.Build.0 = Debug|Win32
		{3C8F42DF-2B77-4C1D-A4E6-61C1B5DB30A1}.Debug|Win32.ActiveCfg = Debug|Win32
		{3C8F42DF-2B77-4C1D-A4E6-61C1B5DB30A1}.Debug|Win32.Build.0 = Debug|Win32
		{3C8F42DF-2B77-4C1D-A4E6-61C1B5DB30A1}.Release|Any CPU.ActiveCfg = Release|Win32
		{3C8F42DF-2B77-4C1D-A4E6-61C1B5DB30A1}.Release|Mixed Platforms.ActiveCfg = Release|Win32
		{3C8F42DF-2B77-4C1D-A4E6-61C1B5DB30A1}.Release|Mixed Platforms.Build.0 = Release|Win32
		{3C8F42DF-2B77-4C1D-A4E6-61C1B5DB30A1}.Release|Win32.ActiveCfg = Release|Win32
		{3C8F42DF-2B77-4C1D-A4E6-61C1B5DB30A1}.Release|Win32.Build.0 = Release|Win32
		{44C84A5C-83CE-47F5-A918-D13C130CD295}.Debug|Any CPU.ActiveCfg = Debug|Win32
		{44C84A5C-83CE-47F5-A918-D13C130CD295}.Debug|Mixed Platforms.ActiveCfg = Debug|Win32
		{44C84A5C-83CE-47F5-A918-D13C130CD295}.Debug|Mixed Platforms.Build.0 = Debug|Win32
		{44C84A5C-83CE-47F5-A918-D13C130CD295}.Debug|Win32.ActiveCfg = Debug|Win32
		{44C84A5C-83CE-47F5-A918-D13C130CD295}.Debug|Win32.Build.0 = Debug|Win32
		{44C84A5C-83CE-47F5-A918-D13C130CD295}.Release|Any CPU.ActiveCfg = Release|Win32
		{44C84A5C-83CE-47F5-A918-D13C130CD295}.Release|Mixed Platforms.ActiveCfg = Release|Win32
		{44C84A5C-83CE-47F5-A918-D13C130CD295}.Release|Mixed Platforms.Build.0 = Release|Win32
		{44C84A5C-83CE-47F5-A918-D13C130CD295}.Release|Win32.ActiveCfg = Release|Win32
		{44C84A5C-83CE-47F5-A918-D13C130CD295}.Release|Win32.Build.0 = Release|Win32
		{CC64AFCD-C748-4D1A-89D9-4A21F0183F4F}.Debug|Any CPU.ActiveCfg = Debug|Win32
		{CC64AFCD-C748-4D1A-89D9-4A21F0183F4F}.Debug|Mixed Platforms.ActiveCfg = Debug|Win32
		{CC64AFCD-C748-4D1A-89D9-4A21F0183F4F}.Debug|Mixed Platforms.Build.0 = Debug|Win32
		{CC64AFCD-C748-4D1A-89D9-4A21F0183F4F}.Debug|Win32.ActiveCfg = Debug|Win32
		{CC64AFCD-C748-4D1A-89D9-4A21F0183F4F}.Debug|Win32.Build.0 = Debug|Win32
		{CC64AFCD-C748-4D1A-89D9-4A21F0183F4F}.Release|Any CPU.ActiveCfg = Release|Win32
		{CC64AFCD-C748-4D1A-89D9-4A21F0183F4F}.Release|Mixed Platforms.ActiveCfg = Release|Win32
		{CC64AFCD-C748-4D1A-89D9-4A21F0183F4F}.Release|Mixed Platforms.Build.0 = Release|Win32
		{CC64AFCD-C748-4D1A-89D9-4A21F0183F4F}.Release|Win32.ActiveCfg = Release|Win32
		{CC64AFCD-C748-4D1A-89D9-4A21F0183F4F}.Release|Win32.Build.0 = Release|Win32
		{3C7D399C-1924-4EBB-ABC8-1676B6526B94}.Debug|Any CPU.ActiveCfg = Debug|Win32
		{3C7D399C-1924-4EBB-ABC8-1676B6526B94}.Debug|Mixed Platforms.ActiveCfg = Debug|Win32
		{3C7D399C-1924-4EBB-ABC8-1676B6526B94}.Debug|Mixed Platforms.Build.0 = Debug|Win32
		{3C7D399C-1924-4EBB-ABC8-1676B6526B94}.Debug|Win32.ActiveCfg = Debug|Win32
		{3C7D399C-1924-4EBB-ABC8-1676B6526B94}.Debug|Win32.Build.0 = Debug|Win32
		{3C7D399C-1924-4EBB-ABC8-1676B6526B94}.Release|Any CPU.ActiveCfg = Release|Win32
		{3C7D399C-1924-4EBB-ABC8-1676B6526B94}.Release|Mixed Platforms.ActiveCfg = Release|Win32
		{3C7D399C-1924-4EBB-ABC8-1676B6526B94}.Release|Mixed Platforms.Build.0 = Release|Win32
		{3C7D399C-1924-4EBB-ABC8-1676B6526B94}.Release|Win32.ActiveCfg = Release|Win32
		{3C7D399C-1924-4EBB-ABC8-1676B6526B94}.Release|Win32.Build.0 = Release|Win32
		{31075468-86AF-4F9F-9242-74853C4EA817}.Debug|Any CPU.ActiveCfg = Debug|Win32
		{31075468-86AF-4F9F-9242-74853C4EA817}.Debug|Mixed Platforms.ActiveCfg = Debug|Win32
		{31075468-86AF-4F9F-9242-74853C4EA817}.Debug|Mixed Platforms.Build.0 = Debug|Win32
		{31075468-86AF-4F9F-9242-74853C4EA817}.Debug|Win32.ActiveCfg = Debug|Win32
		{31075468-86AF-4F9F-9242-74853C4EA817}.Debug|Win32.Build.0 = Debug|Win32
		{31075468-86AF-4F9F-9242-74853C4EA817}.Release|Any CPU.ActiveCfg = Release|Win32
		{31075468-86AF-4F9F-9242-74853C4EA817}.Release|Mixed Platforms.ActiveCfg = Release|Win32
		{31075468-86AF-4F9F-9242-74853C4EA817}.Release|Mixed Platforms.Build.0 = Release|Win32
		{31075468-86AF-4F9F-9242-74853C4EA817}.Release|Win32.ActiveCfg = Release|Win32
		{31075468-86AF-4F9F-9242-74853C4EA817}.Release|Win32.Build.0 = Release|Win32
		{57E9EDB7-2395-4A91-95D0-1634EBEDC59A}.Debug|Any CPU.ActiveCfg = Debug|Win32
		{57E9EDB7-2395-4A91-95D0-1634EBEDC59A}.Debug|Mixed Platforms.ActiveCfg = Debug|Win32
		{57E9EDB7-2395-4A91-95D0-1634EBEDC59A}.Debug|Mixed Platforms.Build.0 = Debug|Win32
		{57E9EDB7-2395-4A91-95D0-1634EBEDC59A}.Debug|Win32.ActiveCfg = Debug|Win32
		{57E9EDB7-2395-4A91-95D0-1634EBEDC59A}.Debug|Win32.Build.0 = Debug|Win32
		{57E9EDB7-2395-4A91-95D0-1634EBEDC59A}.Release|Any CPU.ActiveCfg = Release|Win32
		{57E9EDB7-2395-4A91-95D0-1634EBEDC59A}.Release|Mixed Platforms.ActiveCfg = Release|Win32
		{57E9EDB7-2395-4A91-95D0-1634EBEDC59A}.Release|Mixed Platforms.Build.0 = Release|Win32
		{57E9EDB7-2395-4A91-95D0-1634EBEDC59A}.Release|Win32.ActiveCfg = Release|Win32
		{57E9EDB7-2395-4A91-95D0-1634EBEDC59A}.Release|Win32.Build.0 = Release|Win32
		{8A30E140-0F4C-482E-9E59-2C5B611AC65F}.Debug|Any CPU.ActiveCfg = Debug|Win32
		{8A30E140-0F4C-482E-9E59-2C5B611AC65F}.Debug|Mixed Platforms.ActiveCfg = Debug|Win32
		{8A30E140-0F4C-482E-9E59-2C5B611AC65F}.Debug|Mixed Platforms.Build.0 = Debug|Win32
		{8A30E140-0F4C-482E-9E59-2C5B611AC65F}.Debug|Win32.ActiveCfg = Debug|Win32
		{8A30E140-0F4C-482E-9E59-2C5B611AC65F}.Debug|Win32.Build.0 = Debug|Win32
		{8A30E140-0F4C-482E-9E59-2C5B611AC65F}.Release|Any CPU.ActiveCfg = Release|Win32
		{8A30E140-0F4C-482E-9E59-2C5B611AC65F}.Release|Mixed Platforms.ActiveCfg = Release|Win32
		{8A30E140-0F4C-482E-9E59-2C5B611AC65F}.Release|Mixed Platforms.Build.0 = Release|Win32
		{8A30E140-0F4C-482E-9E59-2C5B611AC65F}.Release|Win32.ActiveCfg = Release|Win32
		{8A30E140-0F4C-482E-9E59-2C5B611AC65F}.Release|Win32.Build.0 = Release|Win32
		{5B4E588E-3EFD-4717-A988-F7F46432E063}.Debug|Any CPU.ActiveCfg = Debug|Win32
		{5B4E588E-3EFD-4717-A988-F7F46432E063}.Debug|Mixed Platforms.ActiveCfg = Debug|Win32
		{5B4E588E-3EFD-4717-A988-F7F46432E063}.Debug|Mixed Platforms.Build.0 = Debug|Win32
		{5B4E588E-3EFD-4717-A988-F7F46432E063}.Debug|Win32.ActiveCfg = Debug|Win32
		{5B4E588E-3EFD-4717-A988-F7F46432E063}.Debug|Win32.Build.0 = Debug|Win32
		{5B4E588E-3EFD-4717-A988-F7F46432E063}.Release|Any CPU.ActiveCfg = Release|Win32
		{5B4E588E-3EFD-4717-A988-F7F46432E063}.Release|Mixed Platforms.ActiveCfg = Release|Win32
		{5B4E588E-3EFD-4717-A988-F7F46432E063}.Release|Mixed Platforms.Build.0 = Release|Win32
		{5B4E588E-3EFD-4717-A988-F7F46432E063}.Release|Win32.ActiveCfg = Release|Win32
		{5B4E588E-3EFD-4717-A988-F7F46432E063}.Release|Win32.Build.0 = Release|Win32
		{F4B2619A-09E0-4350-B4C9-C2A99888EE49}.Debug|Any CPU.ActiveCfg = Debug|Win32
		{F4B2619A-09E0-4350-B4C9-C2A99888EE49}.Debug|Mixed Platforms.ActiveCfg = Debug|Win32
		{F4B2619A-09E0-4350-B4C9-C2A99888EE49}.Debug|Mixed Platforms.Build.0 = Debug|Win32
		{F4B2619A-09E0-4350-B4C9-C2A99888EE49}.Debug|Win32.ActiveCfg = Debug|Win32
		{F4B2619A-09E0-4350-B4C9-C2A99888EE49}.Debug|Win32.Build.0 = Debug|Win32
		{F4B2619A-09E0-4350-B4C9-C2A99888EE49}.Release|Any CPU.ActiveCfg = Release|Win32
		{F4B2619A-09E0-4350-B4C9-C2A99888EE49}.Release|Mixed Platforms.ActiveCfg = Release|Win32
		{F4B2619A-09E0-4350-B4C9-C2A99888EE49}.Release|Mixed Platforms.Build.0 = Release|Win32
		{F4B2619A-09E0-4350-B4C9-C2A99888EE49}.Release|Win32.ActiveCfg = Release|Win32
		{F4B2619A-09E0-4350-B4C9-C2A99888EE49}.Release|Win32.Build.0 = Release|Win32
		{164882ED-E82E-41F7-A8C4-E3CE6869C091}.Debug|Any CPU.ActiveCfg = Debug|Win32
		{164882ED-E82E-41F7-A8C4-E3CE6869C091}.Debug|Mixed Platforms.ActiveCfg = Debug|Win32
		{164882ED-E82E-41F7-A8C4-E3CE6869C091}.Debug|Mixed Platforms.Build.0 = Debug|Win32
		{164882ED-E82E-41F7-A8C4-E3CE6869C091}.Debug|Win32.ActiveCfg = Debug|Win32
		{164882ED-E82E-41F7-A8C4-E3CE6869C091}.Debug|Win32.Build.0 = Debug|Win32
		{164882ED-E82E-41F7-A8C4-E3CE6869C091}.Release|Any CPU.ActiveCfg = Release|Win32
		{164882ED-E82E-41F7-A8C4-E3CE6869C091}.Release|Mixed Platforms.ActiveCfg = Release|Win32
		{164882ED-E82E-41F7-A8C4-E3CE6869C091}.Release|Mixed Platforms.Build.0 = Release|Win32
		{164882ED-E82E-41F7-A8C4-E3CE6869C091}.Release|Win32.ActiveCfg = Release|Win32
		{164882ED-E82E-41F7-A8C4-E3CE6869C091}.Release|Win32.Build.0 = Release|Win32
		{F56F1D64-B18F-4474-AB7A-7F2A1DD793A2}.Debug|Any CPU.ActiveCfg = Debug|Win32
		{F56F1D64-B18F-4474-AB7A-7F2A1DD793A2}.Debug|Mixed Platforms.ActiveCfg = Debug|Win32
		{F56F1D64-B18F-4474-AB7A-7F2A1DD793A2}.Debug|Mixed Platforms.Build.0 = Debug|Win32
		{F56F1D64-B18F-4474-AB7A-7F2A1DD793A2}.Debug|Win32.ActiveCfg = Debug|Win32
		{F56F1D64-B18F-4474-AB7A-7F2A1DD793A2}.Debug|Win32.Build.0 = Debug|Win32
		{F56F1D64-B18F-4474-AB7A-7F2A1DD793A2}.Release|Any CPU.ActiveCfg = Release|Win32
		{F56F1D64-B18F-4474-AB7A-7F2A1DD793A2}.Release|Mixed Platforms.ActiveCfg = Release|Win32
		{F56F1D64-B18F-4474-AB7A-7F2A1DD793A2}.Release|Mixed Platforms.Build.0 = Release|Win32
		{F56F1D64-B18F-4474-AB7A-7F2A1DD793A2}.Release|Win32.ActiveCfg = Release|Win32
		{F56F1D64-B18F-4474-AB7A-7F2A1DD793A2}.Release|Win32.Build.0 = Release|Win32
		{4FF21125-81A6-44AD-8F11-FD7B3B3F9DD9}.Debug|Any CPU.ActiveCfg = Debug|Win32
		{4FF21125-81A6-44AD-8F11-FD7B3B3F9DD9}.Debug|Mixed Platforms.ActiveCfg = Debug|Win32
		{4FF21125-81A6-44AD-8F11-FD7B3B3F9DD9}.Debug|Mixed Platforms.Build.0 = Debug|Win32
		{4FF21125-81A6-44AD-8F11-FD7B3B3F9DD9}.Debug|Win32.ActiveCfg = Debug|Win32
		{4FF21125-81A6-44AD-8F11-FD7B3B3F9DD9}.Debug|Win32.Build.0 = Debug|Win32
		{4FF21125-81A6-44AD-8F11-FD7B3B3F9DD9}.Release|Any CPU.ActiveCfg = Release|Win32
		{4FF21125-81A6-44AD-8F11-FD7B3B3F9DD9}.Release|Mixed Platforms.ActiveCfg = Release|Win32
		{4FF21125-81A6-44AD-8F11-FD7B3B3F9DD9}.Release|Mixed Platforms.Build.0 = Release|Win32
		{4FF21125-81A6-44AD-8F11-FD7B3B3F9DD9}.Release|Win32.ActiveCfg = Release|Win32
		{4FF21125-81A6-44AD-8F11-FD7B3B3F9DD9}.Release|Win32.Build.0 = Release|Win32
		{358EB4D3-1A78-41A8-9F32-7A6ECE91A1CC}.Debug|Any CPU.ActiveCfg = Debug
		{358EB4D3-1A78-41A8-9F32-7A6ECE91A1CC}.Debug|Any CPU.Build.0 = Debug
		{358EB4D3-1A78-41A8-9F32-7A6ECE91A1CC}.Debug|Mixed Platforms.ActiveCfg = Debug
		{358EB4D3-1A78-41A8-9F32-7A6ECE91A1CC}.Debug|Mixed Platforms.Build.0 = Debug
		{358EB4D3-1A78-41A8-9F32-7A6ECE91A1CC}.Debug|Win32.ActiveCfg = Debug
		{358EB4D3-1A78-41A8-9F32-7A6ECE91A1CC}.Debug|Win32.Build.0 = Debug
		{358EB4D3-1A78-41A8-9F32-7A6ECE91A1CC}.Release|Any CPU.ActiveCfg = Release
		{358EB4D3-1A78-41A8-9F32-7A6ECE91A1CC}.Release|Any CPU.Build.0 = Release
		{358EB4D3-1A78-41A8-9F32-7A6ECE91A1CC}.Release|Mixed Platforms.ActiveCfg = Release
		{358EB4D3-1A78-41A8-9F32-7A6ECE91A1CC}.Release|Mixed Platforms.Build.0 = Release
		{358EB4D3-1A78-41A8-9F32-7A6ECE91A1CC}.Release|Win32.ActiveCfg = Release
		{358EB4D3-1A78-41A8-9F32-7A6ECE91A1CC}.Release|Win32.Build.0 = Release
	EndGlobalSection
	GlobalSection(SolutionProperties) = preSolution
		HideSolutionNode = FALSE
	EndGlobalSection
EndGlobal
