<?xml version="1.0" encoding="utf-8"?>
<Project ToolsVersion="4.0" xmlns="http://schemas.microsoft.com/developer/msbuild/2003">
  <ItemGroup>
    <Filter Include="Source Files">
      <UniqueIdentifier>{8d2af8ea-ebf1-4a33-be08-a8197ffc9a54}</UniqueIdentifier>
      <Extensions>cpp;c;cxx;rc;def;r;odl;idl;hpj;bat</Extensions>
    </Filter>
    <Filter Include="Header Files">
      <UniqueIdentifier>{a97c32e6-f035-4704-9ec6-1563863f5747}</UniqueIdentifier>
      <Extensions>h;hpp;hxx;hm;inl</Extensions>
    </Filter>
    <Filter Include="Resource Files">
      <UniqueIdentifier>{f66b7c77-2027-496a-8d73-bcf7c16a61e0}</UniqueIdentifier>
      <Extensions>ico;cur;bmp;dlg;rc2;rct;bin;rgs;gif;jpg;jpeg;jpe</Extensions>
    </Filter>
  </ItemGroup>
  <ItemGroup>
    <ClCompile Include="Source\Aboutpg.cpp">
      <Filter>Source Files</Filter>
    </ClCompile>
    <ClCompile Include="Source\Cappg.cpp">
      <Filter>Source Files</Filter>
    </ClCompile>
    <ClCompile Include="..\Common\Source\Colorctl.cpp">
      <Filter>Source Files</Filter>
    </ClCompile>
    <ClCompile Include="Source\Dbasepg.cpp">
      <Filter>Source Files</Filter>
    </ClCompile>
    <ClCompile Include="Source\Diagpg.cpp">
      <Filter>Source Files</Filter>
    </ClCompile>
    <ClCompile Include="Source\Directpg.cpp">
      <Filter>Source Files</Filter>
    </ClCompile>
    <ClCompile Include="..\Common\Source\Filever.cpp">
      <Filter>Source Files</Filter>
    </ClCompile>
    <ClCompile Include="..\Common\Source\Tmtext\Font.cpp">
      <Filter>Source Files</Filter>
    </ClCompile>
    <ClCompile Include="Source\Graphpg.cpp">
      <Filter>Source Files</Filter>
    </ClCompile>
    <ClCompile Include="..\Common\Source\Handler.cpp">
      <Filter>Source Files</Filter>
    </ClCompile>
    <ClCompile Include="..\Common\Source\Regcats.cpp">
      <Filter>Source Files</Filter>
    </ClCompile>
    <ClCompile Include="Source\Rtailpg.cpp">
      <Filter>Source Files</Filter>
    </ClCompile>
    <ClCompile Include="Source\Setuppg.cpp">
      <Filter>Source Files</Filter>
    </ClCompile>
    <ClCompile Include="Source\Stdafx.cpp">
      <Filter>Source Files</Filter>
    </ClCompile>
    <ClCompile Include="Source\Systempg.cpp">
      <Filter>Source Files</Filter>
    </ClCompile>
    <ClCompile Include="Source\Textpg.cpp">
      <Filter>Source Files</Filter>
    </ClCompile>
    <ClCompile Include="..\Common\Source\Tmini.cpp">
      <Filter>Source Files</Filter>
    </ClCompile>
    <ClCompile Include="..\Common\Source\Tmmovie\Tmmovie.cpp">
      <Filter>Source Files</Filter>
    </ClCompile>
    <ClCompile Include="Source\Tmsetap.cpp">
      <Filter>Source Files</Filter>
    </ClCompile>
    <ClCompile Include="Source\Tmsetpg.cpp">
      <Filter>Source Files</Filter>
    </ClCompile>
    <ClCompile Include="Source\Tmsetup.cpp">
      <Filter>Source Files</Filter>
    </ClCompile>
    <ClCompile Include="..\Common\Source\Tmver.cpp">
      <Filter>Source Files</Filter>
    </ClCompile>
    <ClCompile Include="..\Common\Source\Toolbox.cpp">
      <Filter>Source Files</Filter>
    </ClCompile>
    <ClCompile Include="Source\Videopg.cpp">
      <Filter>Source Files</Filter>
    </ClCompile>
  </ItemGroup>
  <ItemGroup>
    <None Include="Tm_setup6.def">
      <Filter>Source Files</Filter>
    </None>
  </ItemGroup>
  <ItemGroup>
    <Midl Include="Tm_setup6.odl">
      <Filter>Source Files</Filter>
    </Midl>
  </ItemGroup>
  <ItemGroup>
    <ResourceCompile Include="Tm_setup6.rc">
      <Filter>Source Files</Filter>
    </ResourceCompile>
  </ItemGroup>
  <ItemGroup>
    <ClInclude Include="Include\Aboutpg.h">
      <Filter>Header Files</Filter>
    </ClInclude>
    <ClInclude Include="Include\Cappg.h">
      <Filter>Header Files</Filter>
    </ClInclude>
    <ClInclude Include="..\Common\Include\Colorctl.h">
      <Filter>Header Files</Filter>
    </ClInclude>
    <ClInclude Include="Include\Dbasepg.h">
      <Filter>Header Files</Filter>
    </ClInclude>
    <ClInclude Include="Include\Diagpg.h">
      <Filter>Header Files</Filter>
    </ClInclude>
    <ClInclude Include="Include\Directpg.h">
      <Filter>Header Files</Filter>
    </ClInclude>
    <ClInclude Include="Include\Dispid.h">
      <Filter>Header Files</Filter>
    </ClInclude>
    <ClInclude Include="..\Common\Include\Filever.h">
      <Filter>Header Files</Filter>
    </ClInclude>
    <ClInclude Include="..\Common\Include\Tmtext\Font.h">
      <Filter>Header Files</Filter>
    </ClInclude>
    <ClInclude Include="Include\Graphpg.h">
      <Filter>Header Files</Filter>
    </ClInclude>
    <ClInclude Include="Include\Resource.h">
      <Filter>Header Files</Filter>
    </ClInclude>
    <ClInclude Include="Include\Rtailpg.h">
      <Filter>Header Files</Filter>
    </ClInclude>
    <ClInclude Include="Include\Setuppg.h">
      <Filter>Header Files</Filter>
    </ClInclude>
    <ClInclude Include="Include\Stdafx.h">
      <Filter>Header Files</Filter>
    </ClInclude>
    <ClInclude Include="Include\Systempg.h">
      <Filter>Header Files</Filter>
    </ClInclude>
    <ClInclude Include="Include\Textpg.h">
      <Filter>Header Files</Filter>
    </ClInclude>
    <ClInclude Include="..\Common\Include\Tmini.h">
      <Filter>Header Files</Filter>
    </ClInclude>
    <ClInclude Include="..\Common\Include\Tmmovie\Tmmovie.h">
      <Filter>Header Files</Filter>
    </ClInclude>
    <ClInclude Include="Include\Tmsetap.h">
      <Filter>Header Files</Filter>
    </ClInclude>
    <ClInclude Include="Include\Tmsetpg.h">
      <Filter>Header Files</Filter>
    </ClInclude>
    <ClInclude Include="Include\Tmsetup.h">
      <Filter>Header Files</Filter>
    </ClInclude>
    <ClInclude Include="..\Common\Include\Tmsetup\Tmsudefs.h">
      <Filter>Header Files</Filter>
    </ClInclude>
    <ClInclude Include="..\Common\Include\Tmview\Tmvdefs.h">
      <Filter>Header Files</Filter>
    </ClInclude>
    <ClInclude Include="..\Common\Include\Tmver.h">
      <Filter>Header Files</Filter>
    </ClInclude>
    <ClInclude Include="..\Common\Include\Toolbox.h">
      <Filter>Header Files</Filter>
    </ClInclude>
    <ClInclude Include="Include\Videopg.h">
      <Filter>Header Files</Filter>
    </ClInclude>
  </ItemGroup>
  <ItemGroup>
    <Image Include="..\Common\Resource\Colors\Blackf.bmp">
      <Filter>Resource Files</Filter>
    </Image>
    <Image Include="..\Common\Resource\Colors\Blacku.bmp">
      <Filter>Resource Files</Filter>
    </Image>
    <Image Include="..\Common\Resource\Colors\Bluef.bmp">
      <Filter>Resource Files</Filter>
    </Image>
    <Image Include="..\Common\Resource\Colors\Blueu.bmp">
      <Filter>Resource Files</Filter>
    </Image>
    <Image Include="..\common\resource\colors\bmp00001.bmp">
      <Filter>Resource Files</Filter>
    </Image>
    <Image Include="..\common\resource\colors\bmp00002.bmp">
      <Filter>Resource Files</Filter>
    </Image>
    <Image Include="..\common\resource\colors\bmp00003.bmp">
      <Filter>Resource Files</Filter>
    </Image>
    <Image Include="..\common\resource\colors\bmp00004.bmp">
      <Filter>Resource Files</Filter>
    </Image>
    <Image Include="..\common\resource\colors\bmp00005.bmp">
      <Filter>Resource Files</Filter>
    </Image>
    <Image Include="..\common\resource\colors\bmp00006.bmp">
      <Filter>Resource Files</Filter>
    </Image>
    <Image Include="..\common\resource\colors\bmp00007.bmp">
      <Filter>Resource Files</Filter>
    </Image>
    <Image Include="..\common\resource\colors\bmp00008.bmp">
      <Filter>Resource Files</Filter>
    </Image>
    <Image Include="..\common\resource\colors\bmp00009.bmp">
      <Filter>Resource Files</Filter>
    </Image>
    <Image Include="..\Common\Resource\Misc\Browsed.bmp">
      <Filter>Resource Files</Filter>
    </Image>
    <Image Include="..\Common\Resource\Misc\Browsef.bmp">
      <Filter>Resource Files</Filter>
    </Image>
    <Image Include="..\Common\Resource\Misc\Browseu.bmp">
      <Filter>Resource Files</Filter>
    </Image>
    <Image Include="..\Common\Resource\Misc\Browsex.bmp">
      <Filter>Resource Files</Filter>
    </Image>
    <Image Include="..\Common\Resource\Colors\Cyanf.bmp">
      <Filter>Resource Files</Filter>
    </Image>
    <Image Include="..\Common\Resource\Colors\Cyanu.bmp">
      <Filter>Resource Files</Filter>
    </Image>
    <Image Include="..\common\resource\colors\darkblue.bmp">
      <Filter>Resource Files</Filter>
    </Image>
    <Image Include="..\common\resource\colors\darkgree.bmp">
      <Filter>Resource Files</Filter>
    </Image>
    <Image Include="..\common\resource\colors\darkredf.bmp">
      <Filter>Resource Files</Filter>
    </Image>
    <Image Include="..\Common\Resource\Colors\Dbluef.bmp">
      <Filter>Resource Files</Filter>
    </Image>
    <Image Include="..\Common\Resource\Colors\Dblueu.bmp">
      <Filter>Resource Files</Filter>
    </Image>
    <Image Include="..\Common\Resource\Colors\Dgreenf.bmp">
      <Filter>Resource Files</Filter>
    </Image>
    <Image Include="..\Common\Resource\Colors\Dgreenu.bmp">
      <Filter>Resource Files</Filter>
    </Image>
    <Image Include="..\Common\Resource\Colors\Dredf.bmp">
      <Filter>Resource Files</Filter>
    </Image>
    <Image Include="..\Common\Resource\Colors\Dredu.bmp">
      <Filter>Resource Files</Filter>
    </Image>
    <Image Include="..\Common\Resource\Colors\Greenf.bmp">
      <Filter>Resource Files</Filter>
    </Image>
    <Image Include="..\Common\Resource\Colors\Greenu.bmp">
      <Filter>Resource Files</Filter>
    </Image>
    <Image Include="..\Common\Resource\Colors\Greyf.bmp">
      <Filter>Resource Files</Filter>
    </Image>
    <Image Include="..\Common\Resource\Colors\Greyu.bmp">
      <Filter>Resource Files</Filter>
    </Image>
    <Image Include="..\Common\Resource\Colors\Lbluef.bmp">
      <Filter>Resource Files</Filter>
    </Image>
    <Image Include="..\Common\Resource\Colors\Lblueu.bmp">
      <Filter>Resource Files</Filter>
    </Image>
    <Image Include="..\Common\Resource\Colors\Lgreenf.bmp">
      <Filter>Resource Files</Filter>
    </Image>
    <Image Include="..\Common\Resource\Colors\Lgreenu.bmp">
      <Filter>Resource Files</Filter>
    </Image>
    <Image Include="..\common\resource\colors\lightblu.bmp">
      <Filter>Resource Files</Filter>
    </Image>
    <Image Include="..\common\resource\colors\lightgre.bmp">
      <Filter>Resource Files</Filter>
    </Image>
    <Image Include="..\common\resource\colors\lightred.bmp">
      <Filter>Resource Files</Filter>
    </Image>
    <Image Include="..\Common\Resource\Colors\Lredf.bmp">
      <Filter>Resource Files</Filter>
    </Image>
    <Image Include="..\Common\Resource\Colors\Lredu.bmp">
      <Filter>Resource Files</Filter>
    </Image>
    <Image Include="..\Common\Resource\Colors\Magentaf.bmp">
      <Filter>Resource Files</Filter>
    </Image>
    <Image Include="..\Common\Resource\Colors\Magentau.bmp">
      <Filter>Resource Files</Filter>
    </Image>
    <Image Include="..\Common\Resource\Colors\Redf.bmp">
      <Filter>Resource Files</Filter>
    </Image>
    <Image Include="..\Common\Resource\Colors\Redu.bmp">
      <Filter>Resource Files</Filter>
    </Image>
    <Image Include="Resource\Tm_setup.ico">
      <Filter>Resource Files</Filter>
    </Image>
    <Image Include="Resource\Tm_setup6.ico">
      <Filter>Resource Files</Filter>
    </Image>
    <Image Include="Resource\Tmax2.ico">
      <Filter>Resource Files</Filter>
    </Image>
    <Image Include="Resource\Tmsetup.bmp">
      <Filter>Resource Files</Filter>
    </Image>
    <Image Include="..\Common\Resource\Colors\Whitef.bmp">
      <Filter>Resource Files</Filter>
    </Image>
    <Image Include="..\Common\Resource\Colors\Whiteu.bmp">
      <Filter>Resource Files</Filter>
    </Image>
    <Image Include="..\Common\Resource\Colors\Yellowf.bmp">
      <Filter>Resource Files</Filter>
    </Image>
    <Image Include="..\Common\Resource\Colors\Yellowu.bmp">
      <Filter>Resource Files</Filter>
    </Image>
  </ItemGroup>
</Project>