
Microsoft Visual Studio Solution File, Format Version 10.00
# Visual Studio 2008
Project("{8BC9CEB8-8B4A-11D0-8D11-00A0C91BC942}") = "Tminstal", "Tminstal.vcproj", "{7A267E96-8C69-44FD-99A6-BB7ECB538BFC}"
EndProject
Global
	GlobalSection(SolutionConfigurationPlatforms) = preSolution
		Debug|Win32 = Debug|Win32
		Release|Win32 = Release|Win32
	EndGlobalSection
	GlobalSection(ProjectConfigurationPlatforms) = postSolution
		{7A267E96-8C69-44FD-99A6-BB7ECB538BFC}.Debug|Win32.ActiveCfg = Debug|Win32
		{7A267E96-8C69-44FD-99A6-BB7ECB538BFC}.Debug|Win32.Build.0 = Debug|Win32
		{7A267E96-8C69-44FD-99A6-BB7ECB538BFC}.Release|Win32.ActiveCfg = Release|Win32
		{7A267E96-8C69-44FD-99A6-BB7ECB538BFC}.Release|Win32.Build.0 = Release|Win32
	EndGlobalSection
	GlobalSection(SolutionProperties) = preSolution
		HideSolutionNode = FALSE
	EndGlobalSection
EndGlobal
