
Microsoft Visual Studio Solution File, Format Version 10.00
# Visual Studio 2008
Project("{8BC9CEB8-8B4A-11D0-8D11-00A0C91BC942}") = "Tm_grab6", "Tm_grab6.vcproj", "{39736C11-1277-4C2B-A901-5CB242839487}"
EndProject
Global
	GlobalSection(SolutionConfigurationPlatforms) = preSolution
		Debug|Win32 = Debug|Win32
		Release|Win32 = Release|Win32
	EndGlobalSection
	GlobalSection(ProjectConfigurationPlatforms) = postSolution
		{39736C11-1277-4C2B-A901-5CB242839487}.Debug|Win32.ActiveCfg = Debug|Win32
		{39736C11-1277-4C2B-A901-5CB242839487}.Debug|Win32.Build.0 = Debug|Win32
		{39736C11-1277-4C2B-A901-5CB242839487}.Release|Win32.ActiveCfg = Release|Win32
		{39736C11-1277-4C2B-A901-5CB242839487}.Release|Win32.Build.0 = Release|Win32
	EndGlobalSection
	GlobalSection(SolutionProperties) = preSolution
		HideSolutionNode = FALSE
	EndGlobalSection
EndGlobal
