
Microsoft Visual Studio Solution File, Format Version 10.00
# Visual Studio 2008
Project("{8BC9CEB8-8B4A-11D0-8D11-00A0C91BC942}") = "Tm_browse6", "Tm_browse6.vcproj", "{C690F2CF-2041-4D57-87F9-459664E5523E}"
EndProject
Global
	GlobalSection(SolutionConfigurationPlatforms) = preSolution
		Debug|Win32 = Debug|Win32
		Release|Win32 = Release|Win32
	EndGlobalSection
	GlobalSection(ProjectConfigurationPlatforms) = postSolution
		{C690F2CF-2041-4D57-87F9-459664E5523E}.Debug|Win32.ActiveCfg = Debug|Win32
		{C690F2CF-2041-4D57-87F9-459664E5523E}.Debug|Win32.Build.0 = Debug|Win32
		{C690F2CF-2041-4D57-87F9-459664E5523E}.Release|Win32.ActiveCfg = Release|Win32
		{C690F2CF-2041-4D57-87F9-459664E5523E}.Release|Win32.Build.0 = Release|Win32
	EndGlobalSection
	GlobalSection(SolutionProperties) = preSolution
		HideSolutionNode = FALSE
	EndGlobalSection
EndGlobal
