<?xml version="1.0" encoding="utf-8"?>
<Project ToolsVersion="4.0" xmlns="http://schemas.microsoft.com/developer/msbuild/2003">
  <ItemGroup>
    <Filter Include="Source Files">
      <UniqueIdentifier>{25a9acd7-d1c0-47d0-8428-da9c743b281b}</UniqueIdentifier>
      <Extensions>cpp;c;cxx;rc;def;r;odl;idl;hpj;bat</Extensions>
    </Filter>
    <Filter Include="Header Files">
      <UniqueIdentifier>{22637fb7-7c46-4d8a-af58-c4311f40ab03}</UniqueIdentifier>
      <Extensions>h;hpp;hxx;hm;inl</Extensions>
    </Filter>
    <Filter Include="Resource Files">
      <UniqueIdentifier>{71ac4039-bb61-4120-8f4b-064fc848bd2a}</UniqueIdentifier>
      <Extensions>ico;cur;bmp;dlg;rc2;rct;bin;rgs;gif;jpg;jpeg;jpe</Extensions>
    </Filter>
  </ItemGroup>
  <ItemGroup>
    <ClCompile Include="..\Common\Source\Cell.cpp">
      <Filter>Source Files</Filter>
    </ClCompile>
    <ClCompile Include="Source\Diagnose.cpp">
      <Filter>Source Files</Filter>
    </ClCompile>
    <ClCompile Include="Source\Download.cpp">
      <Filter>Source Files</Filter>
    </ClCompile>
    <ClCompile Include="Source\Extension.cpp">
      <Filter>Source Files</Filter>
    </ClCompile>
    <ClCompile Include="..\Common\Source\Filever.cpp">
      <Filter>Source Files</Filter>
    </ClCompile>
    <ClCompile Include="..\Common\Source\Handler.cpp">
      <Filter>Source Files</Filter>
    </ClCompile>
    <ClCompile Include="Source\Icall.cpp">
      <Filter>Source Files</Filter>
    </ClCompile>
    <ClCompile Include="Source\Mediactl.cpp">
      <Filter>Source Files</Filter>
    </ClCompile>
    <ClCompile Include="Source\Pagebar.cpp">
      <Filter>Source Files</Filter>
    </ClCompile>
    <ClCompile Include="Source\Pbband.cpp">
      <Filter>Source Files</Filter>
    </ClCompile>
    <ClCompile Include="Source\Pblist.cpp">
      <Filter>Source Files</Filter>
    </ClCompile>
    <ClCompile Include="Source\Pbtext.cpp">
      <Filter>Source Files</Filter>
    </ClCompile>
    <ClCompile Include="Source\Pbtool.cpp">
      <Filter>Source Files</Filter>
    </ClCompile>
    <ClCompile Include="Source\Ppabout.cpp">
      <Filter>Source Files</Filter>
    </ClCompile>
    <ClCompile Include="Source\ppdnload.cpp">
      <Filter>Source Files</Filter>
    </ClCompile>
    <ClCompile Include="Source\Ppimage.cpp">
      <Filter>Source Files</Filter>
    </ClCompile>
    <ClCompile Include="Source\Ppmedia.cpp">
      <Filter>Source Files</Filter>
    </ClCompile>
    <ClCompile Include="Source\Ppprint.cpp">
      <Filter>Source Files</Filter>
    </ClCompile>
    <ClCompile Include="Source\Pprevs.cpp">
      <Filter>Source Files</Filter>
    </ClCompile>
    <ClCompile Include="Source\Pptmx.cpp">
      <Filter>Source Files</Filter>
    </ClCompile>
    <ClCompile Include="Source\Pptool.cpp">
      <Filter>Source Files</Filter>
    </ClCompile>
    <ClCompile Include="Source\Pptools.cpp">
      <Filter>Source Files</Filter>
    </ClCompile>
    <ClCompile Include="Source\Pptreat.cpp">
      <Filter>Source Files</Filter>
    </ClCompile>
    <ClCompile Include="Source\Ppviewer.cpp">
      <Filter>Source Files</Filter>
    </ClCompile>
    <ClCompile Include="Source\Prefer.cpp">
      <Filter>Source Files</Filter>
    </ClCompile>
    <ClCompile Include="Source\Printpro.cpp">
      <Filter>Source Files</Filter>
    </ClCompile>
    <ClCompile Include="..\Common\Source\Progbar.cpp">
      <Filter>Source Files</Filter>
    </ClCompile>
    <ClCompile Include="Source\Propsht.cpp">
      <Filter>Source Files</Filter>
    </ClCompile>
    <ClCompile Include="..\Common\Source\Regcats.cpp">
      <Filter>Source Files</Filter>
    </ClCompile>
    <ClCompile Include="Source\Selprint.cpp">
      <Filter>Source Files</Filter>
    </ClCompile>
    <ClCompile Include="Source\shdocvw.cpp">
      <Filter>Source Files</Filter>
    </ClCompile>
    <ClCompile Include="Source\Stdafx.cpp">
      <Filter>Source Files</Filter>
    </ClCompile>
    <ClCompile Include="..\Common\Source\Template.cpp">
      <Filter>Source Files</Filter>
    </ClCompile>
    <ClCompile Include="..\Common\Source\Tmbrowse\Tmbrowse.cpp">
      <Filter>Source Files</Filter>
    </ClCompile>
    <ClCompile Include="..\Common\Source\Tmini.cpp">
      <Filter>Source Files</Filter>
    </ClCompile>
    <ClCompile Include="..\Common\Source\Tmpower\Tmpower.cpp">
      <Filter>Source Files</Filter>
    </ClCompile>
    <ClCompile Include="..\Common\Source\Tmprint\Tmprint.cpp">
      <Filter>Source Files</Filter>
    </ClCompile>
    <ClCompile Include="..\Common\Source\Tmtool\Tmtool.cpp">
      <Filter>Source Files</Filter>
    </ClCompile>
    <ClCompile Include="..\Common\Source\Tmver.cpp">
      <Filter>Source Files</Filter>
    </ClCompile>
    <ClCompile Include="..\Common\Source\Tmview\Tmview.cpp">
      <Filter>Source Files</Filter>
    </ClCompile>
    <ClCompile Include="Source\Tmxml.cpp">
      <Filter>Source Files</Filter>
    </ClCompile>
    <ClCompile Include="Source\Tmxmlap.cpp">
      <Filter>Source Files</Filter>
    </ClCompile>
    <ClCompile Include="Source\Tmxmlpg.cpp">
      <Filter>Source Files</Filter>
    </ClCompile>
    <ClCompile Include="..\Common\Source\Toolbox.cpp">
      <Filter>Source Files</Filter>
    </ClCompile>
    <ClCompile Include="Source\Wraphtml.cpp">
      <Filter>Source Files</Filter>
    </ClCompile>
    <ClCompile Include="Source\Wrapxml.cpp">
      <Filter>Source Files</Filter>
    </ClCompile>
    <ClCompile Include="Source\Xmlact.cpp">
      <Filter>Source Files</Filter>
    </ClCompile>
    <ClCompile Include="Source\Xmlframe.cpp">
      <Filter>Source Files</Filter>
    </ClCompile>
    <ClCompile Include="Source\Xmlinet.cpp">
      <Filter>Source Files</Filter>
    </ClCompile>
    <ClCompile Include="Source\Xmlmedia.cpp">
      <Filter>Source Files</Filter>
    </ClCompile>
    <ClCompile Include="Source\Xmlpage.cpp">
      <Filter>Source Files</Filter>
    </ClCompile>
    <ClCompile Include="Source\Xmlset.cpp">
      <Filter>Source Files</Filter>
    </ClCompile>
    <ClCompile Include="Source\Xmltreat.cpp">
      <Filter>Source Files</Filter>
    </ClCompile>
  </ItemGroup>
  <ItemGroup>
    <None Include="Tm_xml6.def">
      <Filter>Source Files</Filter>
    </None>
    <None Include="Drag.cur">
      <Filter>Resource Files</Filter>
    </None>
    <None Include="Resource\Drag.cur">
      <Filter>Resource Files</Filter>
    </None>
    <None Include="Nodrop.cur">
      <Filter>Resource Files</Filter>
    </None>
    <None Include="Resource\Nodrop.cur">
      <Filter>Resource Files</Filter>
    </None>
    <None Include="Resource\Waitarro.cur">
      <Filter>Resource Files</Filter>
    </None>
  </ItemGroup>
  <ItemGroup>
    <Midl Include="Tm_xml6.odl">
      <Filter>Source Files</Filter>
    </Midl>
  </ItemGroup>
  <ItemGroup>
    <ResourceCompile Include="Tm_xml6.rc">
      <Filter>Source Files</Filter>
    </ResourceCompile>
  </ItemGroup>
  <ItemGroup>
    <ClInclude Include="..\Common\Include\Cell.h">
      <Filter>Header Files</Filter>
    </ClInclude>
    <ClInclude Include="Include\Diagnose.h">
      <Filter>Header Files</Filter>
    </ClInclude>
    <ClInclude Include="Include\Dispid.h">
      <Filter>Header Files</Filter>
    </ClInclude>
    <ClInclude Include="Include\Download.h">
      <Filter>Header Files</Filter>
    </ClInclude>
    <ClInclude Include="Include\Extension.h">
      <Filter>Header Files</Filter>
    </ClInclude>
    <ClInclude Include="..\Common\Include\Handler.h">
      <Filter>Header Files</Filter>
    </ClInclude>
    <ClInclude Include="Include\Icall.h">
      <Filter>Header Files</Filter>
    </ClInclude>
    <ClInclude Include="Include\Mediactl.h">
      <Filter>Header Files</Filter>
    </ClInclude>
    <ClInclude Include="Include\Pagebar.h">
      <Filter>Header Files</Filter>
    </ClInclude>
    <ClInclude Include="Include\Pbband.h">
      <Filter>Header Files</Filter>
    </ClInclude>
    <ClInclude Include="Include\Pblist.h">
      <Filter>Header Files</Filter>
    </ClInclude>
    <ClInclude Include="Include\Pbtext.h">
      <Filter>Header Files</Filter>
    </ClInclude>
    <ClInclude Include="Include\Pbtool.h">
      <Filter>Header Files</Filter>
    </ClInclude>
    <ClInclude Include="Include\Ppabout.h">
      <Filter>Header Files</Filter>
    </ClInclude>
    <ClInclude Include="Include\ppdnload.h">
      <Filter>Header Files</Filter>
    </ClInclude>
    <ClInclude Include="Include\Ppimage.h">
      <Filter>Header Files</Filter>
    </ClInclude>
    <ClInclude Include="Include\Ppmedia.h">
      <Filter>Header Files</Filter>
    </ClInclude>
    <ClInclude Include="Include\Ppprint.h">
      <Filter>Header Files</Filter>
    </ClInclude>
    <ClInclude Include="Include\Pprevs.h">
      <Filter>Header Files</Filter>
    </ClInclude>
    <ClInclude Include="Include\Pptmx.h">
      <Filter>Header Files</Filter>
    </ClInclude>
    <ClInclude Include="Include\Pptool.h">
      <Filter>Header Files</Filter>
    </ClInclude>
    <ClInclude Include="Include\Pptools.h">
      <Filter>Header Files</Filter>
    </ClInclude>
    <ClInclude Include="Include\Pptreat.h">
      <Filter>Header Files</Filter>
    </ClInclude>
    <ClInclude Include="Include\Ppviewer.h">
      <Filter>Header Files</Filter>
    </ClInclude>
    <ClInclude Include="Include\Prefer.h">
      <Filter>Header Files</Filter>
    </ClInclude>
    <ClInclude Include="Include\Printpro.h">
      <Filter>Header Files</Filter>
    </ClInclude>
    <ClInclude Include="..\Common\Include\Progbar.h">
      <Filter>Header Files</Filter>
    </ClInclude>
    <ClInclude Include="Include\Propsht.h">
      <Filter>Header Files</Filter>
    </ClInclude>
    <ClInclude Include="Include\Resource.h">
      <Filter>Header Files</Filter>
    </ClInclude>
    <ClInclude Include="Include\Selprint.h">
      <Filter>Header Files</Filter>
    </ClInclude>
    <ClInclude Include="Include\shdocvw.h">
      <Filter>Header Files</Filter>
    </ClInclude>
    <ClInclude Include="Include\Stdafx.h">
      <Filter>Header Files</Filter>
    </ClInclude>
    <ClInclude Include="..\Common\Include\Template.h">
      <Filter>Header Files</Filter>
    </ClInclude>
    <ClInclude Include="..\Common\Include\Tmbrowse\Tmbrowse.h">
      <Filter>Header Files</Filter>
    </ClInclude>
    <ClInclude Include="..\Common\Include\Tmini.h">
      <Filter>Header Files</Filter>
    </ClInclude>
    <ClInclude Include="..\Common\Include\Tmpower\Tmpower.h">
      <Filter>Header Files</Filter>
    </ClInclude>
    <ClInclude Include="..\Common\Include\Tmprint\Tmprdefs.h">
      <Filter>Header Files</Filter>
    </ClInclude>
    <ClInclude Include="..\Common\Include\Tmprint\Tmprint.h">
      <Filter>Header Files</Filter>
    </ClInclude>
    <ClInclude Include="..\Common\Include\Tmtool\Tmtbdefs.h">
      <Filter>Header Files</Filter>
    </ClInclude>
    <ClInclude Include="..\Common\Include\Tmtool\Tmtool.h">
      <Filter>Header Files</Filter>
    </ClInclude>
    <ClInclude Include="..\Common\Include\Tmview\Tmview.h">
      <Filter>Header Files</Filter>
    </ClInclude>
    <ClInclude Include="..\Common\Include\Tmxml\Tmxmdefs.h">
      <Filter>Header Files</Filter>
    </ClInclude>
    <ClInclude Include="Include\Tmxml.h">
      <Filter>Header Files</Filter>
    </ClInclude>
    <ClInclude Include="Include\Tmxmlap.h">
      <Filter>Header Files</Filter>
    </ClInclude>
    <ClInclude Include="Include\Tmxmlpg.h">
      <Filter>Header Files</Filter>
    </ClInclude>
    <ClInclude Include="Include\wraphtml.h">
      <Filter>Header Files</Filter>
    </ClInclude>
    <ClInclude Include="Include\wrapxml.h">
      <Filter>Header Files</Filter>
    </ClInclude>
    <ClInclude Include="Include\Xmlact.h">
      <Filter>Header Files</Filter>
    </ClInclude>
    <ClInclude Include="Include\Xmlframe.h">
      <Filter>Header Files</Filter>
    </ClInclude>
    <ClInclude Include="Include\Xmlinet.h">
      <Filter>Header Files</Filter>
    </ClInclude>
    <ClInclude Include="Include\Xmlmedia.h">
      <Filter>Header Files</Filter>
    </ClInclude>
    <ClInclude Include="Include\Xmlpage.h">
      <Filter>Header Files</Filter>
    </ClInclude>
    <ClInclude Include="Include\Xmlset.h">
      <Filter>Header Files</Filter>
    </ClInclude>
    <ClInclude Include="Include\Xmltreat.h">
      <Filter>Header Files</Filter>
    </ClInclude>
  </ItemGroup>
  <ItemGroup>
    <Image Include="..\Common\Resource\Colors\blackf.bmp">
      <Filter>Resource Files</Filter>
    </Image>
    <Image Include="..\Common\Resource\Colors\blacku.bmp">
      <Filter>Resource Files</Filter>
    </Image>
    <Image Include="..\Common\Resource\Colors\bluef.bmp">
      <Filter>Resource Files</Filter>
    </Image>
    <Image Include="..\Common\Resource\Colors\blueu.bmp">
      <Filter>Resource Files</Filter>
    </Image>
    <Image Include="..\Common\Resource\Colors\bmp00001.bmp">
      <Filter>Resource Files</Filter>
    </Image>
    <Image Include="..\Common\Resource\Colors\bmp00002.bmp">
      <Filter>Resource Files</Filter>
    </Image>
    <Image Include="..\Common\Resource\Colors\bmp00003.bmp">
      <Filter>Resource Files</Filter>
    </Image>
    <Image Include="..\Common\Resource\Colors\bmp00004.bmp">
      <Filter>Resource Files</Filter>
    </Image>
    <Image Include="..\Common\Resource\Colors\bmp00005.bmp">
      <Filter>Resource Files</Filter>
    </Image>
    <Image Include="..\Common\Resource\Colors\bmp00006.bmp">
      <Filter>Resource Files</Filter>
    </Image>
    <Image Include="..\Common\Resource\Colors\bmp00007.bmp">
      <Filter>Resource Files</Filter>
    </Image>
    <Image Include="..\Common\Resource\Colors\bmp00008.bmp">
      <Filter>Resource Files</Filter>
    </Image>
    <Image Include="..\Common\Resource\Colors\bmp00009.bmp">
      <Filter>Resource Files</Filter>
    </Image>
    <Image Include="..\Common\Resource\Colors\cyanf.bmp">
      <Filter>Resource Files</Filter>
    </Image>
    <Image Include="..\Common\Resource\Colors\cyanu.bmp">
      <Filter>Resource Files</Filter>
    </Image>
    <Image Include="..\Common\Resource\Colors\darkblue.bmp">
      <Filter>Resource Files</Filter>
    </Image>
    <Image Include="..\Common\Resource\Colors\darkgree.bmp">
      <Filter>Resource Files</Filter>
    </Image>
    <Image Include="..\Common\Resource\Colors\darkredf.bmp">
      <Filter>Resource Files</Filter>
    </Image>
    <Image Include="..\Common\Resource\Colors\dbluef.bmp">
      <Filter>Resource Files</Filter>
    </Image>
    <Image Include="..\Common\Resource\Colors\dblueu.bmp">
      <Filter>Resource Files</Filter>
    </Image>
    <Image Include="..\Common\Resource\Colors\dgreenf.bmp">
      <Filter>Resource Files</Filter>
    </Image>
    <Image Include="..\Common\Resource\Colors\dgreenu.bmp">
      <Filter>Resource Files</Filter>
    </Image>
    <Image Include="..\Common\Resource\Colors\dredf.bmp">
      <Filter>Resource Files</Filter>
    </Image>
    <Image Include="..\Common\Resource\Colors\dredu.bmp">
      <Filter>Resource Files</Filter>
    </Image>
    <Image Include="..\Common\Resource\Colors\greenf.bmp">
      <Filter>Resource Files</Filter>
    </Image>
    <Image Include="..\Common\Resource\Colors\greenu.bmp">
      <Filter>Resource Files</Filter>
    </Image>
    <Image Include="..\Common\Resource\Colors\greyf.bmp">
      <Filter>Resource Files</Filter>
    </Image>
    <Image Include="..\Common\Resource\Colors\greyu.bmp">
      <Filter>Resource Files</Filter>
    </Image>
    <Image Include="..\Common\Resource\Colors\lbluef.bmp">
      <Filter>Resource Files</Filter>
    </Image>
    <Image Include="..\Common\Resource\Colors\lblueu.bmp">
      <Filter>Resource Files</Filter>
    </Image>
    <Image Include="..\Common\Resource\Colors\lgreenf.bmp">
      <Filter>Resource Files</Filter>
    </Image>
    <Image Include="..\Common\Resource\Colors\lgreenu.bmp">
      <Filter>Resource Files</Filter>
    </Image>
    <Image Include="..\Common\Resource\Colors\lightblu.bmp">
      <Filter>Resource Files</Filter>
    </Image>
    <Image Include="..\Common\Resource\Colors\lightgre.bmp">
      <Filter>Resource Files</Filter>
    </Image>
    <Image Include="..\Common\Resource\Colors\lightred.bmp">
      <Filter>Resource Files</Filter>
    </Image>
    <Image Include="..\Common\Resource\Colors\lredf.bmp">
      <Filter>Resource Files</Filter>
    </Image>
    <Image Include="..\Common\Resource\Colors\lredu.bmp">
      <Filter>Resource Files</Filter>
    </Image>
    <Image Include="..\Common\Resource\Colors\magentaf.bmp">
      <Filter>Resource Files</Filter>
    </Image>
    <Image Include="..\Common\Resource\Colors\magentau.bmp">
      <Filter>Resource Files</Filter>
    </Image>
    <Image Include="Resource\mediactl.bmp">
      <Filter>Resource Files</Filter>
    </Image>
    <Image Include="..\Common\Resource\Colors\redf.bmp">
      <Filter>Resource Files</Filter>
    </Image>
    <Image Include="..\Common\Resource\Colors\redu.bmp">
      <Filter>Resource Files</Filter>
    </Image>
    <Image Include="..\..\Common\Resources\Strips\Tbsmall.bmp">
      <Filter>Resource Files</Filter>
    </Image>
    <Image Include="..\Common\Resource\Toolbar\Tbsmall.bmp">
      <Filter>Resource Files</Filter>
    </Image>
    <Image Include="Tm_xml6.ico">
      <Filter>Resource Files</Filter>
    </Image>
    <Image Include="Resource\Tmxml.bmp">
      <Filter>Resource Files</Filter>
    </Image>
    <Image Include="Resource\Tmxml.ico">
      <Filter>Resource Files</Filter>
    </Image>
    <Image Include="Tmxml6Ctl.bmp">
      <Filter>Resource Files</Filter>
    </Image>
    <Image Include="..\Common\Resource\Colors\whitef.bmp">
      <Filter>Resource Files</Filter>
    </Image>
    <Image Include="..\Common\Resource\Colors\whiteu.bmp">
      <Filter>Resource Files</Filter>
    </Image>
    <Image Include="..\Common\Resource\Colors\yellowf.bmp">
      <Filter>Resource Files</Filter>
    </Image>
    <Image Include="..\Common\Resource\Colors\yellowu.bmp">
      <Filter>Resource Files</Filter>
    </Image>
  </ItemGroup>
</Project>