
Microsoft Visual Studio Solution File, Format Version 10.00
# Visual Studio 2008
Project("{8BC9CEB8-8B4A-11D0-8D11-00A0C91BC942}") = "Tm_text6", "Tm_text6.vcproj", "{5B4E588E-3EFD-4717-A988-F7F46432E063}"
EndProject
Global
	GlobalSection(SolutionConfigurationPlatforms) = preSolution
		Debug|Win32 = Debug|Win32
		Release|Win32 = Release|Win32
	EndGlobalSection
	GlobalSection(ProjectConfigurationPlatforms) = postSolution
		{5B4E588E-3EFD-4717-A988-F7F46432E063}.Debug|Win32.ActiveCfg = Debug|Win32
		{5B4E588E-3EFD-4717-A988-F7F46432E063}.Debug|Win32.Build.0 = Debug|Win32
		{5B4E588E-3EFD-4717-A988-F7F46432E063}.Release|Win32.ActiveCfg = Release|Win32
		{5B4E588E-3EFD-4717-A988-F7F46432E063}.Release|Win32.Build.0 = Release|Win32
	EndGlobalSection
	GlobalSection(SolutionProperties) = preSolution
		HideSolutionNode = FALSE
	EndGlobalSection
EndGlobal
