<?xml version="1.0" encoding="utf-8"?>
<Project ToolsVersion="4.0" xmlns="http://schemas.microsoft.com/developer/msbuild/2003">
  <ItemGroup>
    <Filter Include="Source Files">
      <UniqueIdentifier>{09a338e8-d1d4-4be4-bdd2-4860606b156b}</UniqueIdentifier>
      <Extensions>cpp;c;cxx;rc;def;r;odl;idl;hpj;bat</Extensions>
    </Filter>
    <Filter Include="Header Files">
      <UniqueIdentifier>{96867125-b880-4e0d-ae38-e24eaaecdc57}</UniqueIdentifier>
      <Extensions>h;hpp;hxx;hm;inl</Extensions>
    </Filter>
    <Filter Include="Resource Files">
      <UniqueIdentifier>{0d790acb-b05b-457f-a348-a69259b951c3}</UniqueIdentifier>
      <Extensions>ico;cur;bmp;dlg;rc2;rct;bin;cnt;rtf;gif;jpg;jpeg;jpe</Extensions>
    </Filter>
  </ItemGroup>
  <ItemGroup>
    <ClCompile Include="..\Common\Source\Tmdbnet\Alias.cpp">
      <Filter>Source Files</Filter>
    </ClCompile>
    <ClCompile Include="Source\App.cpp">
      <Filter>Source Files</Filter>
    </ClCompile>
    <ClCompile Include="Source\Applink.cpp">
      <Filter>Source Files</Filter>
    </ClCompile>
    <ClCompile Include="Source\Barcode.cpp">
      <Filter>Source Files</Filter>
    </ClCompile>
    <ClCompile Include="..\Common\Source\Tmdb45\Bcmapset.cpp">
      <Filter>Source Files</Filter>
    </ClCompile>
    <ClCompile Include="..\Common\Source\Tmdb45\Colorset.cpp">
      <Filter>Source Files</Filter>
    </ClCompile>
    <ClCompile Include="..\Common\Source\Tmdb45\Db45.cpp">
      <Filter>Source Files</Filter>
    </ClCompile>
    <ClCompile Include="..\Common\Source\Tmdata\Dbabstract.cpp">
      <Filter>Source Files</Filter>
    </ClCompile>
    <ClCompile Include="..\Common\Source\Tmdbnet\Dbbarcodemap.cpp">
      <Filter>Source Files</Filter>
    </ClCompile>
    <ClCompile Include="..\Common\Source\Tmdbnet\Dbdetails.cpp">
      <Filter>Source Files</Filter>
    </ClCompile>
    <ClCompile Include="..\Common\Source\Tmdbnet\Dbextents.cpp">
      <Filter>Source Files</Filter>
    </ClCompile>
    <ClCompile Include="..\Common\Source\Tmdbnet\Dbhighlighters.cpp">
      <Filter>Source Files</Filter>
    </ClCompile>
    <ClCompile Include="..\Common\Source\Tmdbnet\Dbnet.cpp">
      <Filter>Source Files</Filter>
    </ClCompile>
    <ClCompile Include="..\Common\Source\Tmdbnet\Dbprimary.cpp">
      <Filter>Source Files</Filter>
    </ClCompile>
    <ClCompile Include="..\Common\Source\Tmdbnet\Dbquaternary.cpp">
      <Filter>Source Files</Filter>
    </ClCompile>
    <ClCompile Include="..\Common\Source\Tmdbnet\Dbsecondary.cpp">
      <Filter>Source Files</Filter>
    </ClCompile>
    <ClCompile Include="..\Common\Source\Tmdbnet\dbtertiary.cpp">
      <Filter>Source Files</Filter>
    </ClCompile>
    <ClCompile Include="..\Common\Source\Tmdbnet\Dbtranscripts.cpp">
      <Filter>Source Files</Filter>
    </ClCompile>
    <ClCompile Include="..\Common\Source\Tmdbnet\Dbusers.cpp">
      <Filter>Source Files</Filter>
    </ClCompile>
    <ClCompile Include="..\Common\Source\Tmdata\Deposit.cpp">
      <Filter>Source Files</Filter>
    </ClCompile>
    <ClCompile Include="..\Common\Source\Tmdb45\Desgset.cpp">
      <Filter>Source Files</Filter>
    </ClCompile>
    <ClCompile Include="..\Common\Source\Tmdata\Designat.cpp">
      <Filter>Source Files</Filter>
    </ClCompile>
    <ClCompile Include="Source\Document.cpp">
      <Filter>Source Files</Filter>
    </ClCompile>
    <ClCompile Include="..\Common\Source\Lead\Font.cpp">
      <Filter>Source Files</Filter>
    </ClCompile>
    <ClCompile Include="Source\Frame.cpp">
      <Filter>Source Files</Filter>
    </ClCompile>
    <ClCompile Include="..\Common\Source\Handler.cpp">
      <Filter>Source Files</Filter>
    </ClCompile>
    <ClCompile Include="..\Common\Source\Tmdata\Link.cpp">
      <Filter>Source Files</Filter>
    </ClCompile>
    <ClCompile Include="..\Common\Source\Tmdb45\Linkset.cpp">
      <Filter>Source Files</Filter>
    </ClCompile>
    <ClCompile Include="..\Common\Source\Tmdbnet\Machine.cpp">
      <Filter>Source Files</Filter>
    </ClCompile>
    <ClCompile Include="..\Common\Source\Tmdata\Media.cpp">
      <Filter>Source Files</Filter>
    </ClCompile>
    <ClCompile Include="..\Common\Source\Tmdb45\Mediaset.cpp">
      <Filter>Source Files</Filter>
    </ClCompile>
    <ClCompile Include="..\Common\Source\Msxml\Msxml3.cpp">
      <Filter>Source Files</Filter>
    </ClCompile>
    <ClCompile Include="..\Common\Source\Tmdata\Multipg.cpp">
      <Filter>Source Files</Filter>
    </ClCompile>
    <ClCompile Include="..\Common\Source\Tmdb45\Pageset.cpp">
      <Filter>Source Files</Filter>
    </ClCompile>
    <ClCompile Include="..\Common\Source\Tmdata\Playlist.cpp">
      <Filter>Source Files</Filter>
    </ClCompile>
    <ClCompile Include="..\Common\Source\Tmdata\Secondary.cpp">
      <Filter>Source Files</Filter>
    </ClCompile>
    <ClCompile Include="Source\Setline.cpp">
      <Filter>Source Files</Filter>
    </ClCompile>
    <ClCompile Include="Source\Setup.cpp">
      <Filter>Source Files</Filter>
    </ClCompile>
    <ClCompile Include="..\Common\Source\Tmdata\Show.cpp">
      <Filter>Source Files</Filter>
    </ClCompile>
    <ClCompile Include="..\Common\Source\Tmdata\ShowItem.cpp">
      <Filter>Source Files</Filter>
    </ClCompile>
    <ClCompile Include="..\Common\Source\Tmdb45\Showset.cpp">
      <Filter>Source Files</Filter>
    </ClCompile>
    <ClCompile Include="..\Common\Source\splash.cpp">
      <Filter>Source Files</Filter>
    </ClCompile>
    <ClCompile Include="Source\Stdafx.cpp">
      <Filter>Source Files</Filter>
    </ClCompile>
    <ClCompile Include="SOURCE\Tables.cpp">
      <Filter>Source Files</Filter>
    </ClCompile>
    <ClCompile Include="..\Common\Source\Tmdata\Tertiary.cpp">
      <Filter>Source Files</Filter>
    </ClCompile>
    <ClCompile Include="..\Common\Source\Tmdata\Textline.cpp">
      <Filter>Source Files</Filter>
    </ClCompile>
    <ClCompile Include="..\Common\Source\Tmdata\Textpage.cpp">
      <Filter>Source Files</Filter>
    </ClCompile>
    <ClCompile Include="..\Common\Source\Tmdb45\Textset.cpp">
      <Filter>Source Files</Filter>
    </ClCompile>
    <ClCompile Include="..\Common\Source\Tmbars\Tmbars.cpp">
      <Filter>Source Files</Filter>
    </ClCompile>
    <ClCompile Include="..\Common\Source\Tmcmdlin.cpp">
      <Filter>Source Files</Filter>
    </ClCompile>
    <ClCompile Include="..\Common\Source\Tmgrab\Tmgrab.cpp">
      <Filter>Source Files</Filter>
    </ClCompile>
    <ClCompile Include="..\Common\Source\Tmhelp\Tmhelp.cpp">
      <Filter>Source Files</Filter>
    </ClCompile>
    <ClCompile Include="..\Common\Source\Tmini.cpp">
      <Filter>Source Files</Filter>
    </ClCompile>
    <ClCompile Include="..\Common\Source\Tmlpen\Tmlpen.cpp">
      <Filter>Source Files</Filter>
    </ClCompile>
    <ClCompile Include="..\Common\Source\Tmmovie\Tmmovie.cpp">
      <Filter>Source Files</Filter>
    </ClCompile>
    <ClCompile Include="..\Common\Source\Tmpower\Tmpower.cpp">
      <Filter>Source Files</Filter>
    </ClCompile>
    <ClCompile Include="..\Common\Source\Tmsetup\Tmsetup.cpp">
      <Filter>Source Files</Filter>
    </ClCompile>
    <ClCompile Include="..\Common\Source\Tmshare\Tmshare.cpp">
      <Filter>Source Files</Filter>
    </ClCompile>
    <ClCompile Include="..\Common\Source\Tmstat\Tmstat.cpp">
      <Filter>Source Files</Filter>
    </ClCompile>
    <ClCompile Include="..\Common\Source\Tmtext\Tmtext.cpp">
      <Filter>Source Files</Filter>
    </ClCompile>
    <ClCompile Include="..\Common\Source\Tmtool\Tmtool.cpp">
      <Filter>Source Files</Filter>
    </ClCompile>
    <ClCompile Include="..\Common\Source\Tmview\Tmview.cpp">
      <Filter>Source Files</Filter>
    </ClCompile>
    <ClCompile Include="Source\Toolbars.cpp">
      <Filter>Source Files</Filter>
    </ClCompile>
    <ClCompile Include="..\Common\Source\Toolbox.cpp">
      <Filter>Source Files</Filter>
    </ClCompile>
    <ClCompile Include="..\Common\Source\Tmdata\Transcpt.cpp">
      <Filter>Source Files</Filter>
    </ClCompile>
    <ClCompile Include="..\Common\Source\Tmdb45\Transet.cpp">
      <Filter>Source Files</Filter>
    </ClCompile>
    <ClCompile Include="..\Common\Source\Tmdb45\Treatset.cpp">
      <Filter>Source Files</Filter>
    </ClCompile>
    <ClCompile Include="..\Common\Source\Tmdb45\Verset.cpp">
      <Filter>Source Files</Filter>
    </ClCompile>
    <ClCompile Include="..\Common\Source\Tmdata\Video.cpp">
      <Filter>Source Files</Filter>
    </ClCompile>
    <ClCompile Include="..\Common\Source\Tmdb45\Videoset.cpp">
      <Filter>Source Files</Filter>
    </ClCompile>
    <ClCompile Include="Source\View.cpp">
      <Filter>Source Files</Filter>
    </ClCompile>
    <ClCompile Include="Source\VKBDlg.cpp">
      <Filter>Source Files</Filter>
    </ClCompile>
    <ClCompile Include="VKBDlg.cpp">
      <Filter>Source Files</Filter>
    </ClCompile>
    <ClCompile Include="..\Common\Source\Tmdbnet\Dbbinderentry.cpp">
      <Filter>Source Files</Filter>
    </ClCompile>
    <ClCompile Include="..\Common\Source\Tmdata\BinderEntry.cpp">
      <Filter>Source Files</Filter>
    </ClCompile>
    <ClCompile Include="Source\BinderList.cpp">
      <Filter>Source Files</Filter>
    </ClCompile>
    <ClCompile Include="Source\ColorPickerList.cpp">
      <Filter>Source Files</Filter>
    </ClCompile>
  </ItemGroup>
  <ItemGroup>
    <Library Include="..\Common\Lib\Directx\strmiids.lib">
      <Filter>Source Files</Filter>
    </Library>
  </ItemGroup>
  <ItemGroup>
    <Midl Include="TmaxPresentation.odl">
      <Filter>Source Files</Filter>
    </Midl>
  </ItemGroup>
  <ItemGroup>
    <ResourceCompile Include="TmaxPresentation.rc">
      <Filter>Source Files</Filter>
    </ResourceCompile>
  </ItemGroup>
  <ItemGroup>
    <ClInclude Include="..\Common\Include\Tmdbnet\Alias.h">
      <Filter>Header Files</Filter>
    </ClInclude>
    <ClInclude Include="Include\App.h">
      <Filter>Header Files</Filter>
    </ClInclude>
    <ClInclude Include="Include\Applink.h">
      <Filter>Header Files</Filter>
    </ClInclude>
    <ClInclude Include="C:\Program Files\Microsoft Visual Studio 8\VC\atlmfc\include\atlimage.h">
      <Filter>Header Files</Filter>
    </ClInclude>
    <ClInclude Include="Include\Barcode.h">
      <Filter>Header Files</Filter>
    </ClInclude>
    <ClInclude Include="..\Common\Include\Tmdb45\bcmapset.h">
      <Filter>Header Files</Filter>
    </ClInclude>
    <ClInclude Include="..\Common\Include\Tmdb45\Colorset.h">
      <Filter>Header Files</Filter>
    </ClInclude>
    <ClInclude Include="..\Common\Include\Tmdata\Dao36.h">
      <Filter>Header Files</Filter>
    </ClInclude>
    <ClInclude Include="..\Common\Include\Tmdb45\Db45.h">
      <Filter>Header Files</Filter>
    </ClInclude>
    <ClInclude Include="..\Common\Include\Tmdata\Dbabstract.h">
      <Filter>Header Files</Filter>
    </ClInclude>
    <ClInclude Include="..\Common\Include\Tmdbnet\Dbbarcodemap.h">
      <Filter>Header Files</Filter>
    </ClInclude>
    <ClInclude Include="..\Common\Include\Tmdata\Dbdefs.h">
      <Filter>Header Files</Filter>
    </ClInclude>
    <ClInclude Include="..\Common\Include\Tmdbnet\Dbdetails.h">
      <Filter>Header Files</Filter>
    </ClInclude>
    <ClInclude Include="..\Common\Include\Tmdbnet\Dbextents.h">
      <Filter>Header Files</Filter>
    </ClInclude>
    <ClInclude Include="..\Common\Include\Tmdbnet\Dbhighlighters.h">
      <Filter>Header Files</Filter>
    </ClInclude>
    <ClInclude Include="..\Common\Include\Tmdbnet\Dbnet.h">
      <Filter>Header Files</Filter>
    </ClInclude>
    <ClInclude Include="..\Common\Include\Tmdbnet\Dbprimary.h">
      <Filter>Header Files</Filter>
    </ClInclude>
    <ClInclude Include="..\Common\Include\Tmdbnet\Dbquaternary.h">
      <Filter>Header Files</Filter>
    </ClInclude>
    <ClInclude Include="..\Common\Include\Tmdbnet\Dbsecondary.h">
      <Filter>Header Files</Filter>
    </ClInclude>
    <ClInclude Include="..\Common\Include\Tmdbnet\Dbtertiary.h">
      <Filter>Header Files</Filter>
    </ClInclude>
    <ClInclude Include="..\Common\Include\Tmdbnet\Dbtranscripts.h">
      <Filter>Header Files</Filter>
    </ClInclude>
    <ClInclude Include="..\Common\Include\Tmdbnet\Dbusers.h">
      <Filter>Header Files</Filter>
    </ClInclude>
    <ClInclude Include="..\Common\Include\Tmdata\Deposit.h">
      <Filter>Header Files</Filter>
    </ClInclude>
    <ClInclude Include="..\Common\Include\Tmdb45\Desgset.h">
      <Filter>Header Files</Filter>
    </ClInclude>
    <ClInclude Include="..\Common\Include\Tmdata\Designat.h">
      <Filter>Header Files</Filter>
    </ClInclude>
    <ClInclude Include="Include\Document.h">
      <Filter>Header Files</Filter>
    </ClInclude>
    <ClInclude Include="Include\Frame.h">
      <Filter>Header Files</Filter>
    </ClInclude>
    <ClInclude Include="..\Common\Include\Handler.h">
      <Filter>Header Files</Filter>
    </ClInclude>
    <ClInclude Include="..\Common\Include\Tmdata\Link.h">
      <Filter>Header Files</Filter>
    </ClInclude>
    <ClInclude Include="..\Common\Include\Tmdb45\Linkset.h">
      <Filter>Header Files</Filter>
    </ClInclude>
    <ClInclude Include="..\Common\Include\Tmdbnet\Machine.h">
      <Filter>Header Files</Filter>
    </ClInclude>
    <ClInclude Include="..\Common\Include\Tmdata\Media.h">
      <Filter>Header Files</Filter>
    </ClInclude>
    <ClInclude Include="..\Common\Include\Tmdb45\Mediaset.h">
      <Filter>Header Files</Filter>
    </ClInclude>
    <ClInclude Include="..\Common\Include\Tmdata\Multipg.h">
      <Filter>Header Files</Filter>
    </ClInclude>
    <ClInclude Include="..\Common\Include\Tmdb45\Pageset.h">
      <Filter>Header Files</Filter>
    </ClInclude>
    <ClInclude Include="..\Common\Include\Tmdata\Playlist.h">
      <Filter>Header Files</Filter>
    </ClInclude>
    <ClInclude Include="Include\Resource.h">
      <Filter>Header Files</Filter>
    </ClInclude>
    <ClInclude Include="..\Common\Include\Tmdata\Secondary.h">
      <Filter>Header Files</Filter>
    </ClInclude>
    <ClInclude Include="Include\Setline.h">
      <Filter>Header Files</Filter>
    </ClInclude>
    <ClInclude Include="Include\Setup.h">
      <Filter>Header Files</Filter>
    </ClInclude>
    <ClInclude Include="..\Common\Include\Tmshare\Sharedef.h">
      <Filter>Header Files</Filter>
    </ClInclude>
    <ClInclude Include="..\Common\Include\Tmdata\Show.h">
      <Filter>Header Files</Filter>
    </ClInclude>
    <ClInclude Include="..\Common\Include\Tmdata\ShowItem.h">
      <Filter>Header Files</Filter>
    </ClInclude>
    <ClInclude Include="..\Common\Include\Tmdb45\Showset.h">
      <Filter>Header Files</Filter>
    </ClInclude>
    <ClInclude Include="..\Common\Include\splash.h">
      <Filter>Header Files</Filter>
    </ClInclude>
    <ClInclude Include="Include\Stdafx.h">
      <Filter>Header Files</Filter>
    </ClInclude>
    <ClInclude Include="INCLUDE\Tables.h">
      <Filter>Header Files</Filter>
    </ClInclude>
    <ClInclude Include="..\Common\Include\Tmdata\Tertiary.h">
      <Filter>Header Files</Filter>
    </ClInclude>
    <ClInclude Include="..\Common\Include\Tmdata\Textline.h">
      <Filter>Header Files</Filter>
    </ClInclude>
    <ClInclude Include="..\Common\Include\Tmdata\Textpage.h">
      <Filter>Header Files</Filter>
    </ClInclude>
    <ClInclude Include="..\Common\Include\Tmdb45\Textset.h">
      <Filter>Header Files</Filter>
    </ClInclude>
    <ClInclude Include="..\Common\Include\Tmbars\Tmbadefs.h">
      <Filter>Header Files</Filter>
    </ClInclude>
    <ClInclude Include="..\Common\Include\Tmbars\Tmbars.h">
      <Filter>Header Files</Filter>
    </ClInclude>
    <ClInclude Include="..\Common\Include\Tmcmdlin.h">
      <Filter>Header Files</Filter>
    </ClInclude>
    <ClInclude Include="..\Common\Include\Tmgrab\Tmgrab.h">
      <Filter>Header Files</Filter>
    </ClInclude>
    <ClInclude Include="..\Common\Include\Tmhelp\Tmhelp.h">
      <Filter>Header Files</Filter>
    </ClInclude>
    <ClInclude Include="..\Common\Include\Tmini.h">
      <Filter>Header Files</Filter>
    </ClInclude>
    <ClInclude Include="..\Common\Include\Tmlpen\Tmlpen.h">
      <Filter>Header Files</Filter>
    </ClInclude>
    <ClInclude Include="..\Common\Include\Tmmovie\Tmmovie.h">
      <Filter>Header Files</Filter>
    </ClInclude>
    <ClInclude Include="..\Common\Include\Tmpower\Tmpower.h">
      <Filter>Header Files</Filter>
    </ClInclude>
    <ClInclude Include="..\Common\Include\Tmsetup\Tmsetup.h">
      <Filter>Header Files</Filter>
    </ClInclude>
    <ClInclude Include="..\Common\Include\Tmshare\Tmshare.h">
      <Filter>Header Files</Filter>
    </ClInclude>
    <ClInclude Include="..\Common\Include\Tmstat\Tmstat.h">
      <Filter>Header Files</Filter>
    </ClInclude>
    <ClInclude Include="..\Common\Include\Tmstat\Tmstdefs.h">
      <Filter>Header Files</Filter>
    </ClInclude>
    <ClInclude Include="..\Common\Include\Tmtool\Tmtbdefs.h">
      <Filter>Header Files</Filter>
    </ClInclude>
    <ClInclude Include="..\Common\Include\Tmtext\Tmtext.h">
      <Filter>Header Files</Filter>
    </ClInclude>
    <ClInclude Include="..\Common\Include\Tmtool\Tmtool.h">
      <Filter>Header Files</Filter>
    </ClInclude>
    <ClInclude Include="..\Common\Include\Tmview\Tmview.h">
      <Filter>Header Files</Filter>
    </ClInclude>
    <ClInclude Include="Include\Toolbars.h">
      <Filter>Header Files</Filter>
    </ClInclude>
    <ClInclude Include="..\Common\Include\Toolbox.h">
      <Filter>Header Files</Filter>
    </ClInclude>
    <ClInclude Include="..\Common\Include\Tmdata\Transcpt.h">
      <Filter>Header Files</Filter>
    </ClInclude>
    <ClInclude Include="..\Common\Include\Tmdb45\Transet.h">
      <Filter>Header Files</Filter>
    </ClInclude>
    <ClInclude Include="..\Common\Include\Tmdb45\Treatset.h">
      <Filter>Header Files</Filter>
    </ClInclude>
    <ClInclude Include="..\Common\Include\Tmdb45\Verset.h">
      <Filter>Header Files</Filter>
    </ClInclude>
    <ClInclude Include="..\Common\Include\Tmdata\Video.h">
      <Filter>Header Files</Filter>
    </ClInclude>
    <ClInclude Include="..\Common\Include\Tmdb45\Videoset.h">
      <Filter>Header Files</Filter>
    </ClInclude>
    <ClInclude Include="Include\View.h">
      <Filter>Header Files</Filter>
    </ClInclude>
    <ClInclude Include="Include\VKBDlg.h">
      <Filter>Header Files</Filter>
    </ClInclude>
    <ClInclude Include="VKBDlg.h">
      <Filter>Header Files</Filter>
    </ClInclude>
    <ClInclude Include="VKBWndDlg.h">
      <Filter>Header Files</Filter>
    </ClInclude>
    <ClInclude Include="Include\VKBWndDlg.h">
      <Filter>Header Files</Filter>
    </ClInclude>
    <ClInclude Include="stdafx.h">
      <Filter>Header Files</Filter>
    </ClInclude>
    <ClInclude Include="..\Common\Include\Tmdbnet\Dbbinderentry.h">
      <Filter>Header Files</Filter>
    </ClInclude>
    <ClInclude Include="..\Common\Include\Tmdata\BinderEntry.h">
      <Filter>Header Files</Filter>
    </ClInclude>
    <ClInclude Include="Include\BinderList.h">
      <Filter>Header Files</Filter>
    </ClInclude>
    <ClInclude Include="Include\ColorPickerList.h">
      <Filter>Header Files</Filter>
    </ClInclude>
  </ItemGroup>
  <ItemGroup>
    <Image Include="..\Common\Resource\Colors\bitmap1.bmp">
      <Filter>Resource Files</Filter>
    </Image>
    <Image Include="..\Common\Resource\Colors\blackf.bmp">
      <Filter>Resource Files</Filter>
    </Image>
    <Image Include="..\Common\Resource\Colors\blacku.bmp">
      <Filter>Resource Files</Filter>
    </Image>
    <Image Include="..\Common\Resource\Colors\bluef.bmp">
      <Filter>Resource Files</Filter>
    </Image>
    <Image Include="..\Common\Resource\Colors\blueu.bmp">
      <Filter>Resource Files</Filter>
    </Image>
    <Image Include="..\Common\Resource\Colors\bmp00001.bmp">
      <Filter>Resource Files</Filter>
    </Image>
    <Image Include="..\Common\Resource\Misc\browsed.bmp">
      <Filter>Resource Files</Filter>
    </Image>
    <Image Include="..\Common\Resource\Misc\browsef.bmp">
      <Filter>Resource Files</Filter>
    </Image>
    <Image Include="..\Common\Resource\Misc\browseu.bmp">
      <Filter>Resource Files</Filter>
    </Image>
    <Image Include="..\Common\Resource\Misc\browsex.bmp">
      <Filter>Resource Files</Filter>
    </Image>
    <Image Include="..\Common\Resource\Colors\cyanf.bmp">
      <Filter>Resource Files</Filter>
    </Image>
    <Image Include="..\Common\Resource\Colors\cyanu.bmp">
      <Filter>Resource Files</Filter>
    </Image>
    <Image Include="..\Common\Resource\Colors\dbluef.bmp">
      <Filter>Resource Files</Filter>
    </Image>
    <Image Include="..\Common\Resource\Colors\dblueu.bmp">
      <Filter>Resource Files</Filter>
    </Image>
    <Image Include="..\Common\Resource\Colors\dgreenf.bmp">
      <Filter>Resource Files</Filter>
    </Image>
    <Image Include="..\Common\Resource\Colors\dgreenu.bmp">
      <Filter>Resource Files</Filter>
    </Image>
    <Image Include="Resource\Document.ico">
      <Filter>Resource Files</Filter>
    </Image>
    <Image Include="..\Common\Resource\Colors\dredf.bmp">
      <Filter>Resource Files</Filter>
    </Image>
    <Image Include="..\Common\Resource\Colors\dredu.bmp">
      <Filter>Resource Files</Filter>
    </Image>
    <Image Include="..\Common\Resource\Colors\greenf.bmp">
      <Filter>Resource Files</Filter>
    </Image>
    <Image Include="..\Common\Resource\Colors\greenu.bmp">
      <Filter>Resource Files</Filter>
    </Image>
    <Image Include="..\Common\Resource\Colors\greyf.bmp">
      <Filter>Resource Files</Filter>
    </Image>
    <Image Include="..\Common\Resource\Colors\greyu.bmp">
      <Filter>Resource Files</Filter>
    </Image>
    <Image Include="..\..\Common\Resources\kb.bmp">
      <Filter>Resource Files</Filter>
    </Image>
    <Image Include="..\Common\Resource\Colors\lbluef.bmp">
      <Filter>Resource Files</Filter>
    </Image>
    <Image Include="..\Common\Resource\Colors\lblueu.bmp">
      <Filter>Resource Files</Filter>
    </Image>
    <Image Include="..\Common\Resource\Colors\lgreenf.bmp">
      <Filter>Resource Files</Filter>
    </Image>
    <Image Include="..\Common\Resource\Colors\lgreenu.bmp">
      <Filter>Resource Files</Filter>
    </Image>
    <Image Include="..\Common\Resource\Colors\lredf.bmp">
      <Filter>Resource Files</Filter>
    </Image>
    <Image Include="..\Common\Resource\Colors\lredu.bmp">
      <Filter>Resource Files</Filter>
    </Image>
    <Image Include="..\Common\Resource\Colors\magentaf.bmp">
      <Filter>Resource Files</Filter>
    </Image>
    <Image Include="..\Common\Resource\Colors\magentau.bmp">
      <Filter>Resource Files</Filter>
    </Image>
    <Image Include="Resource\question.ico">
      <Filter>Resource Files</Filter>
    </Image>
    <Image Include="..\Common\Resource\Colors\redf.bmp">
      <Filter>Resource Files</Filter>
    </Image>
    <Image Include="..\Common\Resource\Colors\redu.bmp">
      <Filter>Resource Files</Filter>
    </Image>
    <Image Include="..\Common\Resource\Splash.bmp">
      <Filter>Resource Files</Filter>
    </Image>
    <Image Include="..\..\Common\Resources\Strips\Tbsmall.bmp">
      <Filter>Resource Files</Filter>
    </Image>
    <Image Include="..\Common\Resource\Toolbar\Tbsmall.bmp">
      <Filter>Resource Files</Filter>
    </Image>
    <Image Include="Resource\TmaxPresentation.ico">
      <Filter>Resource Files</Filter>
    </Image>
    <Image Include="res\TmaxPresentation.ico">
      <Filter>Resource Files</Filter>
    </Image>
    <Image Include="Resource\Toolbar.bmp">
      <Filter>Resource Files</Filter>
    </Image>
    <Image Include="..\..\..\Source Code\Trialmax_640_64bit_beta\TmaxPresentation\App\Resource\TOOLBAR.BMP">
      <Filter>Resource Files</Filter>
    </Image>
    <Image Include="..\Common\Resource\Colors\vkeyboard.bmp">
      <Filter>Resource Files</Filter>
    </Image>
    <Image Include="..\Common\Resource\Colors\whitef.bmp">
      <Filter>Resource Files</Filter>
    </Image>
    <Image Include="..\Common\Resource\Colors\whiteu.bmp">
      <Filter>Resource Files</Filter>
    </Image>
    <Image Include="..\Common\Resource\Colors\yellowf.bmp">
      <Filter>Resource Files</Filter>
    </Image>
    <Image Include="..\Common\Resource\Colors\yellowu.bmp">
      <Filter>Resource Files</Filter>
    </Image>
  </ItemGroup>
  <ItemGroup>
    <None Include="res\TmaxPresentation.rc2">
      <Filter>Resource Files</Filter>
    </None>
    <None Include="TmaxPresentation.reg" />
    <None Include="..\..\Common\Resources\Buttons\16x16\binder.bmp">
      <Filter>Resource Files</Filter>
    </None>
    <None Include="..\..\Common\Resources\Buttons\24x24\FolderIcon.BMP">
      <Filter>Resource Files</Filter>
    </None>
    <None Include="..\..\Common\Resources\Buttons\24x24\FolderIcon.ico">
      <Filter>Resource Files</Filter>
    </None>
    <None Include="..\..\Common\Resources\Buttons\24x24\CloseFolder.ico">
      <Filter>Resource Files</Filter>
    </None>
    <None Include="..\..\Common\Resources\Buttons\24x24\FolderBackIcon.ico">
      <Filter>Resource Files</Filter>
    </None>
    <None Include="..\..\Common\Resources\Buttons\24x24\FileIcon.ico">
      <Filter>Resource Files</Filter>
    </None>
    <None Include="..\..\Common\Resources\Buttons\24x24\Close.ico">
      <Filter>Resource Files</Filter>
    </None>
    <None Include="..\..\Common\Resources\Buttons\ColorPickerIcons\RedColor.bmp">
      <Filter>Resource Files</Filter>
    </None>
    <None Include="..\..\Common\Resources\Buttons\ColorPickerIcons\WhiteColor.bmp">
      <Filter>Resource Files</Filter>
    </None>
  </ItemGroup>
</Project>