Microsoft Visual Studio Solution File, Format Version 10.00
# Visual Studio 2008
Project("{FAE04EC0-301F-11D3-BF4B-00C04F79EFBC}") = "Tmencode", "Tmencode.csproj", "{DDEE6E9D-5728-42A4-B78B-9845684E3397}"
EndProject
Global
	GlobalSection(SolutionConfigurationPlatforms) = preSolution
		Debug|Any CPU = Debug|Any CPU
		Release|Any CPU = Release|Any CPU
	EndGlobalSection
	GlobalSection(ProjectConfigurationPlatforms) = postSolution
		{DDEE6E9D-5728-42A4-B78B-9845684E3397}.Debug|Any CPU.ActiveCfg = Debug|Any CPU
		{DDEE6E9D-5728-42A4-B78B-9845684E3397}.Debug|Any CPU.Build.0 = Debug|Any CPU
		{DDEE6E9D-5728-42A4-B78B-9845684E3397}.Release|Any CPU.ActiveCfg = Release|Any CPU
		{DDEE6E9D-5728-42A4-B78B-9845684E3397}.Release|Any CPU.Build.0 = Release|Any CPU
	EndGlobalSection
	GlobalSection(SolutionProperties) = preSolution
		HideSolutionNode = FALSE
	EndGlobalSection
EndGlobal
