
Microsoft Visual Studio Solution File, Format Version 10.00
# Visual Studio 2008
Project("{8BC9CEB8-8B4A-11D0-8D11-00A0C91BC942}") = "Tmbrowsevc", "Tmbrowsevc.vcproj", "{F2ADA7FD-41A9-4953-A9A1-4770E83D6053}"
EndProject
Global
	GlobalSection(SolutionConfigurationPlatforms) = preSolution
		Debug|Win32 = Debug|Win32
		Release|Win32 = Release|Win32
	EndGlobalSection
	GlobalSection(ProjectConfigurationPlatforms) = postSolution
		{F2ADA7FD-41A9-4953-A9A1-4770E83D6053}.Debug|Win32.ActiveCfg = Debug|Win32
		{F2ADA7FD-41A9-4953-A9A1-4770E83D6053}.Debug|Win32.Build.0 = Debug|Win32
		{F2ADA7FD-41A9-4953-A9A1-4770E83D6053}.Release|Win32.ActiveCfg = Release|Win32
		{F2ADA7FD-41A9-4953-A9A1-4770E83D6053}.Release|Win32.Build.0 = Release|Win32
	EndGlobalSection
	GlobalSection(SolutionProperties) = preSolution
		HideSolutionNode = FALSE
	EndGlobalSection
EndGlobal
