<?xml version="1.0" encoding="utf-8"?>
<Project ToolsVersion="4.0" xmlns="http://schemas.microsoft.com/developer/msbuild/2003">
  <ItemGroup>
    <Filter Include="Source Files">
      <UniqueIdentifier>{925bdb70-ea9b-4a77-acaa-bcf2e93a6e28}</UniqueIdentifier>
      <Extensions>cpp;c;cxx;rc;def;r;odl;idl;hpj;bat</Extensions>
    </Filter>
    <Filter Include="Header Files">
      <UniqueIdentifier>{9a9aae77-fb15-4d2b-a2dd-705d27f50268}</UniqueIdentifier>
      <Extensions>h;hpp;hxx;hm;inl</Extensions>
    </Filter>
    <Filter Include="Resource Files">
      <UniqueIdentifier>{fc344c65-80a6-4fd9-8ae1-d2d735a8b45b}</UniqueIdentifier>
      <Extensions>ico;cur;bmp;dlg;rc2;rct;bin;cnt;rtf;gif;jpg;jpeg;jpe</Extensions>
    </Filter>
  </ItemGroup>
  <ItemGroup>
    <ClCompile Include="Source\Annotate.cpp">
      <Filter>Source Files</Filter>
    </ClCompile>
    <ClCompile Include="Source\Annprops.cpp">
      <Filter>Source Files</Filter>
    </ClCompile>
    <ClCompile Include="Source\Anntext.cpp">
      <Filter>Source Files</Filter>
    </ClCompile>
    <ClCompile Include="Source\Callout.cpp">
      <Filter>Source Files</Filter>
    </ClCompile>
    <ClCompile Include="Source\Cleanup.cpp">
      <Filter>Source Files</Filter>
    </ClCompile>
    <ClCompile Include="..\Common\Source\Colorctl.cpp">
      <Filter>Source Files</Filter>
    </ClCompile>
    <ClCompile Include="..\Common\Source\Devcapsctrl.cpp">
      <Filter>Source Files</Filter>
    </ClCompile>
    <ClCompile Include="..\Common\Source\Diagnose.cpp">
      <Filter>Source Files</Filter>
    </ClCompile>
    <ClCompile Include="..\Common\Source\Filever.cpp">
      <Filter>Source Files</Filter>
    </ClCompile>
    <ClCompile Include="Source\Fprintercaps.cpp">
      <Filter>Source Files</Filter>
    </ClCompile>
    <ClCompile Include="..\Common\Source\Handler.cpp">
      <Filter>Source Files</Filter>
    </ClCompile>
    <ClCompile Include="Source\Imgprop.cpp">
      <Filter>Source Files</Filter>
    </ClCompile>
    <ClCompile Include="..\Common\Source\Lead\lead.cpp">
      <Filter>Source Files</Filter>
    </ClCompile>
    <ClCompile Include="Source\Pageset.cpp">
      <Filter>Source Files</Filter>
    </ClCompile>
    <ClCompile Include="..\Common\Source\Pathsplit.cpp">
      <Filter>Source Files</Filter>
    </ClCompile>
    <ClCompile Include="..\Common\Source\Printer.cpp">
      <Filter>Source Files</Filter>
    </ClCompile>
    <ClCompile Include="..\Common\Source\Tmdata\Redact.cpp">
      <Filter>Source Files</Filter>
    </ClCompile>
    <ClCompile Include="..\Common\Source\Regcats.cpp">
      <Filter>Source Files</Filter>
    </ClCompile>
    <ClCompile Include="Source\StdAfx.cpp">
      <Filter>Source Files</Filter>
    </ClCompile>
    <ClCompile Include="..\Common\Source\Tmini.cpp">
      <Filter>Source Files</Filter>
    </ClCompile>
    <ClCompile Include="Source\Tmlead.cpp">
      <Filter>Source Files</Filter>
    </ClCompile>
    <ClCompile Include="Source\Tmtrack.cpp">
      <Filter>Source Files</Filter>
    </ClCompile>
    <ClCompile Include="..\Common\Source\Tmver.cpp">
      <Filter>Source Files</Filter>
    </ClCompile>
    <ClCompile Include="Source\Tmview.cpp">
      <Filter>Source Files</Filter>
    </ClCompile>
    <ClCompile Include="Source\Tmviewap.cpp">
      <Filter>Source Files</Filter>
    </ClCompile>
    <ClCompile Include="Source\Tmviewpg.cpp">
      <Filter>Source Files</Filter>
    </ClCompile>
    <ClCompile Include="..\Common\Source\Toolbox.cpp">
      <Filter>Source Files</Filter>
    </ClCompile>
  </ItemGroup>
  <ItemGroup>
    <None Include="Tm_view6.def">
      <Filter>Source Files</Filter>
    </None>
    <None Include="Tm_view6.hpj">
      <Filter>Source Files</Filter>
    </None>
    <None Include="Resource\callout.cur">
      <Filter>Resource Files</Filter>
    </None>
    <None Include="Resource\circle.cur">
      <Filter>Resource Files</Filter>
    </None>
    <None Include="Resource\Down.cur">
      <Filter>Resource Files</Filter>
    </None>
    <None Include="Resource\Downleft.cur">
      <Filter>Resource Files</Filter>
    </None>
    <None Include="Resource\Downrght.cur">
      <Filter>Resource Files</Filter>
    </None>
    <None Include="Resource\high.cur">
      <Filter>Resource Files</Filter>
    </None>
    <None Include="Resource\Left.cur">
      <Filter>Resource Files</Filter>
    </None>
    <None Include="Resource\line.cur">
      <Filter>Resource Files</Filter>
    </None>
    <None Include="Resource\Ne.cur">
      <Filter>Resource Files</Filter>
    </None>
    <None Include="Resource\nw.cur">
      <Filter>Resource Files</Filter>
    </None>
    <None Include="Resource\pancurso.cur">
      <Filter>Resource Files</Filter>
    </None>
    <None Include="Resource\Plus.cur">
      <Filter>Resource Files</Filter>
    </None>
    <None Include="Resource\rect.cur">
      <Filter>Resource Files</Filter>
    </None>
    <None Include="Resource\redact.cur">
      <Filter>Resource Files</Filter>
    </None>
    <None Include="Resource\Right.cur">
      <Filter>Resource Files</Filter>
    </None>
    <None Include="Resource\Se.cur">
      <Filter>Resource Files</Filter>
    </None>
    <None Include="Resource\select.cur">
      <Filter>Resource Files</Filter>
    </None>
    <None Include="Resource\Sw.cur">
      <Filter>Resource Files</Filter>
    </None>
    <None Include="Hlp\Tm_view6.rtf">
      <Filter>Resource Files</Filter>
    </None>
    <None Include="Resource\Up.cur">
      <Filter>Resource Files</Filter>
    </None>
    <None Include="Resource\Upleft.cur">
      <Filter>Resource Files</Filter>
    </None>
    <None Include="Resource\Upright.cur">
      <Filter>Resource Files</Filter>
    </None>
    <None Include="Resource\zoom.cur">
      <Filter>Resource Files</Filter>
    </None>
  </ItemGroup>
  <ItemGroup>
    <Midl Include="Tm_view6.odl">
      <Filter>Source Files</Filter>
    </Midl>
  </ItemGroup>
  <ItemGroup>
    <ResourceCompile Include="Tm_view6.rc">
      <Filter>Source Files</Filter>
    </ResourceCompile>
  </ItemGroup>
  <ItemGroup>
    <ClInclude Include="Include\Annotate.h">
      <Filter>Header Files</Filter>
    </ClInclude>
    <ClInclude Include="Include\Annprops.h">
      <Filter>Header Files</Filter>
    </ClInclude>
    <ClInclude Include="Include\Anntext.h">
      <Filter>Header Files</Filter>
    </ClInclude>
    <ClInclude Include="Include\Callout.h">
      <Filter>Header Files</Filter>
    </ClInclude>
    <ClInclude Include="Include\Cleanup.h">
      <Filter>Header Files</Filter>
    </ClInclude>
    <ClInclude Include="Source\Cleanup.h">
      <Filter>Header Files</Filter>
    </ClInclude>
    <ClInclude Include="..\Common\Include\Colorctl.h">
      <Filter>Header Files</Filter>
    </ClInclude>
    <ClInclude Include="..\Common\Include\Devcapsctrl.h">
      <Filter>Header Files</Filter>
    </ClInclude>
    <ClInclude Include="..\Common\Include\diagnose.h">
      <Filter>Header Files</Filter>
    </ClInclude>
    <ClInclude Include="..\Common\Include\Filever.h">
      <Filter>Header Files</Filter>
    </ClInclude>
    <ClInclude Include="..\Common\Include\Lead\font.h">
      <Filter>Header Files</Filter>
    </ClInclude>
    <ClInclude Include="Include\Fprintercaps.h">
      <Filter>Header Files</Filter>
    </ClInclude>
    <ClInclude Include="..\Common\Include\Handler.h">
      <Filter>Header Files</Filter>
    </ClInclude>
    <ClInclude Include="Include\Imgprop.h">
      <Filter>Header Files</Filter>
    </ClInclude>
    <ClInclude Include="..\Common\Include\Lead\lead.h">
      <Filter>Header Files</Filter>
    </ClInclude>
    <ClInclude Include="Include\Pageset.h">
      <Filter>Header Files</Filter>
    </ClInclude>
    <ClInclude Include="..\Common\Include\Pathsplit.h">
      <Filter>Header Files</Filter>
    </ClInclude>
    <ClInclude Include="..\Common\Include\Lead\picture.h">
      <Filter>Header Files</Filter>
    </ClInclude>
    <ClInclude Include="..\Common\Include\Printer.h">
      <Filter>Header Files</Filter>
    </ClInclude>
    <ClInclude Include="..\Common\Include\Tmdata\Redact.h">
      <Filter>Header Files</Filter>
    </ClInclude>
    <ClInclude Include="Include\resource.h">
      <Filter>Header Files</Filter>
    </ClInclude>
    <ClInclude Include="Include\Stdafx.h">
      <Filter>Header Files</Filter>
    </ClInclude>
    <ClInclude Include="Include\TargetVer.h">
      <Filter>Header Files</Filter>
    </ClInclude>
    <ClInclude Include="..\Common\Include\Tmini.h">
      <Filter>Header Files</Filter>
    </ClInclude>
    <ClInclude Include="Include\Tmlead.h">
      <Filter>Header Files</Filter>
    </ClInclude>
    <ClInclude Include="Include\Tmtrack.h">
      <Filter>Header Files</Filter>
    </ClInclude>
    <ClInclude Include="..\Common\Include\Tmview\Tmvdefs.h">
      <Filter>Header Files</Filter>
    </ClInclude>
    <ClInclude Include="..\Common\Include\Tmver.h">
      <Filter>Header Files</Filter>
    </ClInclude>
    <ClInclude Include="Include\Tmview.h">
      <Filter>Header Files</Filter>
    </ClInclude>
    <ClInclude Include="Include\Tmviewap.h">
      <Filter>Header Files</Filter>
    </ClInclude>
    <ClInclude Include="Include\Tmviewpg.h">
      <Filter>Header Files</Filter>
    </ClInclude>
  </ItemGroup>
  <ItemGroup>
    <Image Include="..\Common\Resource\Colors\blackf.bmp">
      <Filter>Resource Files</Filter>
    </Image>
    <Image Include="Resource\blackf.bmp">
      <Filter>Resource Files</Filter>
    </Image>
    <Image Include="..\Common\Resource\Colors\blacku.bmp">
      <Filter>Resource Files</Filter>
    </Image>
    <Image Include="Resource\blacku.bmp">
      <Filter>Resource Files</Filter>
    </Image>
    <Image Include="..\Common\Resource\Colors\bluef.bmp">
      <Filter>Resource Files</Filter>
    </Image>
    <Image Include="Resource\bluef.bmp">
      <Filter>Resource Files</Filter>
    </Image>
    <Image Include="..\Common\Resource\Colors\blueu.bmp">
      <Filter>Resource Files</Filter>
    </Image>
    <Image Include="Resource\blueu.bmp">
      <Filter>Resource Files</Filter>
    </Image>
    <Image Include="Hlp\Bullet.bmp">
      <Filter>Resource Files</Filter>
    </Image>
    <Image Include="..\Common\Resource\Colors\cyanf.bmp">
      <Filter>Resource Files</Filter>
    </Image>
    <Image Include="Resource\cyanf.bmp">
      <Filter>Resource Files</Filter>
    </Image>
    <Image Include="..\Common\Resource\Colors\cyanu.bmp">
      <Filter>Resource Files</Filter>
    </Image>
    <Image Include="Resource\cyanu.bmp">
      <Filter>Resource Files</Filter>
    </Image>
    <Image Include="..\Common\Resource\Colors\Dbluef.bmp">
      <Filter>Resource Files</Filter>
    </Image>
    <Image Include="..\Common\Resource\Colors\Dblueu.bmp">
      <Filter>Resource Files</Filter>
    </Image>
    <Image Include="..\Common\Resource\Colors\Dgreenf.bmp">
      <Filter>Resource Files</Filter>
    </Image>
    <Image Include="..\Common\Resource\Colors\Dgreenu.bmp">
      <Filter>Resource Files</Filter>
    </Image>
    <Image Include="..\Common\Resource\Colors\Dredf.bmp">
      <Filter>Resource Files</Filter>
    </Image>
    <Image Include="..\Common\Resource\Colors\Dredu.bmp">
      <Filter>Resource Files</Filter>
    </Image>
    <Image Include="..\Common\Resource\Colors\greenf.bmp">
      <Filter>Resource Files</Filter>
    </Image>
    <Image Include="Resource\greenf.bmp">
      <Filter>Resource Files</Filter>
    </Image>
    <Image Include="..\Common\Resource\Colors\greenu.bmp">
      <Filter>Resource Files</Filter>
    </Image>
    <Image Include="Resource\greenu.bmp">
      <Filter>Resource Files</Filter>
    </Image>
    <Image Include="..\Common\Resource\Colors\greyf.bmp">
      <Filter>Resource Files</Filter>
    </Image>
    <Image Include="Resource\greyf.bmp">
      <Filter>Resource Files</Filter>
    </Image>
    <Image Include="..\Common\Resource\Colors\greyu.bmp">
      <Filter>Resource Files</Filter>
    </Image>
    <Image Include="Resource\greyu.bmp">
      <Filter>Resource Files</Filter>
    </Image>
    <Image Include="..\Common\Resource\Colors\Lbluef.bmp">
      <Filter>Resource Files</Filter>
    </Image>
    <Image Include="..\Common\Resource\Colors\Lblueu.bmp">
      <Filter>Resource Files</Filter>
    </Image>
    <Image Include="..\Common\Resource\Colors\Lgreenf.bmp">
      <Filter>Resource Files</Filter>
    </Image>
    <Image Include="..\Common\Resource\Colors\Lgreenu.bmp">
      <Filter>Resource Files</Filter>
    </Image>
    <Image Include="..\Common\Resource\Colors\Lredf.bmp">
      <Filter>Resource Files</Filter>
    </Image>
    <Image Include="..\Common\Resource\Colors\Lredu.bmp">
      <Filter>Resource Files</Filter>
    </Image>
    <Image Include="..\Common\Resource\Colors\magentaf.bmp">
      <Filter>Resource Files</Filter>
    </Image>
    <Image Include="Resource\magentaf.bmp">
      <Filter>Resource Files</Filter>
    </Image>
    <Image Include="..\Common\Resource\Colors\magentau.bmp">
      <Filter>Resource Files</Filter>
    </Image>
    <Image Include="Resource\magentau.bmp">
      <Filter>Resource Files</Filter>
    </Image>
    <Image Include="..\Common\Resource\Colors\redf.bmp">
      <Filter>Resource Files</Filter>
    </Image>
    <Image Include="Resource\redf.bmp">
      <Filter>Resource Files</Filter>
    </Image>
    <Image Include="..\Common\Resource\Colors\redu.bmp">
      <Filter>Resource Files</Filter>
    </Image>
    <Image Include="Resource\redu.bmp">
      <Filter>Resource Files</Filter>
    </Image>
    <Image Include="Tm_view6.ico">
      <Filter>Resource Files</Filter>
    </Image>
    <Image Include="Resource\Tmview.bmp">
      <Filter>Resource Files</Filter>
    </Image>
    <Image Include="Tmview.bmp">
      <Filter>Resource Files</Filter>
    </Image>
    <Image Include="Resource\Tmview.ico">
      <Filter>Resource Files</Filter>
    </Image>
    <Image Include="..\Common\Resource\Colors\whitef.bmp">
      <Filter>Resource Files</Filter>
    </Image>
    <Image Include="Resource\whitef.bmp">
      <Filter>Resource Files</Filter>
    </Image>
    <Image Include="..\Common\Resource\Colors\whiteu.bmp">
      <Filter>Resource Files</Filter>
    </Image>
    <Image Include="Resource\whiteu.bmp">
      <Filter>Resource Files</Filter>
    </Image>
    <Image Include="..\Common\Resource\Colors\yellowf.bmp">
      <Filter>Resource Files</Filter>
    </Image>
    <Image Include="Resource\yellowf.bmp">
      <Filter>Resource Files</Filter>
    </Image>
    <Image Include="..\Common\Resource\Colors\yellowu.bmp">
      <Filter>Resource Files</Filter>
    </Image>
    <Image Include="Resource\yellowu.bmp">
      <Filter>Resource Files</Filter>
    </Image>
  </ItemGroup>
</Project>